// !$*UTF8*$!
{
	archiveVersion = 1;
	classes = {
	};
	objectVersion = 46;
	objects = {

/* Begin PBXBuildFile section */
		A714DEA516130DB30068DF9A /* NSString+HTML.m in Sources */ = {isa = PBXBuildFile; fileRef = A714DEA416130DB30068DF9A /* NSString+HTML.m */; settings = {COMPILER_FLAGS = "-fno-objc-arc"; }; };
		A714DEA916130E420068DF9A /* GTMNSString+HTML.m in Sources */ = {isa = PBXBuildFile; fileRef = A714DEA816130E420068DF9A /* GTMNSString+HTML.m */; settings = {COMPILER_FLAGS = "-fno-objc-arc"; }; };
		A736E694161ABAA8004E71AF /* Foundation.framework in Frameworks */ = {isa = PBXBuildFile; fileRef = A7D5634A1602F88800324303 /* Foundation.framework */; };
		A774D51D1649748F007BAB39 /* main.m in Sources */ = {isa = PBXBuildFile; fileRef = A7D563DA160304DC00324303 /* main.m */; };
		A774D53E16497695007BAB39 /* CXMLDocument_CreationExtensions.h in Headers */ = {isa = PBXBuildFile; fileRef = A774D52216497695007BAB39 /* CXMLDocument_CreationExtensions.h */; };
		A774D53F16497695007BAB39 /* CXMLDocument_CreationExtensions.m in Sources */ = {isa = PBXBuildFile; fileRef = A774D52316497695007BAB39 /* CXMLDocument_CreationExtensions.m */; };
		A774D54016497695007BAB39 /* CXMLDocument_CreationExtensions.m in Sources */ = {isa = PBXBuildFile; fileRef = A774D52316497695007BAB39 /* CXMLDocument_CreationExtensions.m */; };
		A774D54116497695007BAB39 /* CXMLNode_CreationExtensions.h in Headers */ = {isa = PBXBuildFile; fileRef = A774D52416497695007BAB39 /* CXMLNode_CreationExtensions.h */; };
		A774D54216497695007BAB39 /* CXMLNode_CreationExtensions.m in Sources */ = {isa = PBXBuildFile; fileRef = A774D52516497695007BAB39 /* CXMLNode_CreationExtensions.m */; };
		A774D54316497695007BAB39 /* CXMLNode_CreationExtensions.m in Sources */ = {isa = PBXBuildFile; fileRef = A774D52516497695007BAB39 /* CXMLNode_CreationExtensions.m */; };
		A774D54416497695007BAB39 /* CXHTMLDocument.h in Headers */ = {isa = PBXBuildFile; fileRef = A774D52616497695007BAB39 /* CXHTMLDocument.h */; };
		A774D54516497695007BAB39 /* CXHTMLDocument.m in Sources */ = {isa = PBXBuildFile; fileRef = A774D52716497695007BAB39 /* CXHTMLDocument.m */; };
		A774D54616497695007BAB39 /* CXHTMLDocument.m in Sources */ = {isa = PBXBuildFile; fileRef = A774D52716497695007BAB39 /* CXHTMLDocument.m */; };
		A774D54716497695007BAB39 /* CXMLDocument.h in Headers */ = {isa = PBXBuildFile; fileRef = A774D52816497695007BAB39 /* CXMLDocument.h */; };
		A774D54816497695007BAB39 /* CXMLDocument.m in Sources */ = {isa = PBXBuildFile; fileRef = A774D52916497695007BAB39 /* CXMLDocument.m */; };
		A774D54916497695007BAB39 /* CXMLDocument.m in Sources */ = {isa = PBXBuildFile; fileRef = A774D52916497695007BAB39 /* CXMLDocument.m */; };
		A774D54A16497695007BAB39 /* CXMLDocument_PrivateExtensions.h in Headers */ = {isa = PBXBuildFile; fileRef = A774D52A16497695007BAB39 /* CXMLDocument_PrivateExtensions.h */; };
		A774D54B16497695007BAB39 /* CXMLDocument_PrivateExtensions.m in Sources */ = {isa = PBXBuildFile; fileRef = A774D52B16497695007BAB39 /* CXMLDocument_PrivateExtensions.m */; };
		A774D54C16497695007BAB39 /* CXMLDocument_PrivateExtensions.m in Sources */ = {isa = PBXBuildFile; fileRef = A774D52B16497695007BAB39 /* CXMLDocument_PrivateExtensions.m */; };
		A774D54D16497695007BAB39 /* CXMLElement.h in Headers */ = {isa = PBXBuildFile; fileRef = A774D52C16497695007BAB39 /* CXMLElement.h */; };
		A774D54E16497695007BAB39 /* CXMLElement.m in Sources */ = {isa = PBXBuildFile; fileRef = A774D52D16497695007BAB39 /* CXMLElement.m */; };
		A774D54F16497695007BAB39 /* CXMLElement.m in Sources */ = {isa = PBXBuildFile; fileRef = A774D52D16497695007BAB39 /* CXMLElement.m */; };
		A774D55016497695007BAB39 /* CXMLElement_CreationExtensions.h in Headers */ = {isa = PBXBuildFile; fileRef = A774D52E16497695007BAB39 /* CXMLElement_CreationExtensions.h */; };
		A774D55116497695007BAB39 /* CXMLElement_CreationExtensions.m in Sources */ = {isa = PBXBuildFile; fileRef = A774D52F16497695007BAB39 /* CXMLElement_CreationExtensions.m */; };
		A774D55216497695007BAB39 /* CXMLElement_CreationExtensions.m in Sources */ = {isa = PBXBuildFile; fileRef = A774D52F16497695007BAB39 /* CXMLElement_CreationExtensions.m */; };
		A774D55316497695007BAB39 /* CXMLElement_ElementTreeExtensions.h in Headers */ = {isa = PBXBuildFile; fileRef = A774D53016497695007BAB39 /* CXMLElement_ElementTreeExtensions.h */; };
		A774D55416497695007BAB39 /* CXMLElement_ElementTreeExtensions.m in Sources */ = {isa = PBXBuildFile; fileRef = A774D53116497695007BAB39 /* CXMLElement_ElementTreeExtensions.m */; };
		A774D55516497695007BAB39 /* CXMLElement_ElementTreeExtensions.m in Sources */ = {isa = PBXBuildFile; fileRef = A774D53116497695007BAB39 /* CXMLElement_ElementTreeExtensions.m */; };
		A774D55616497695007BAB39 /* CXMLNamespaceNode.h in Headers */ = {isa = PBXBuildFile; fileRef = A774D53216497695007BAB39 /* CXMLNamespaceNode.h */; };
		A774D55716497695007BAB39 /* CXMLNamespaceNode.m in Sources */ = {isa = PBXBuildFile; fileRef = A774D53316497695007BAB39 /* CXMLNamespaceNode.m */; };
		A774D55816497695007BAB39 /* CXMLNamespaceNode.m in Sources */ = {isa = PBXBuildFile; fileRef = A774D53316497695007BAB39 /* CXMLNamespaceNode.m */; };
		A774D55916497695007BAB39 /* CXMLNode.h in Headers */ = {isa = PBXBuildFile; fileRef = A774D53416497695007BAB39 /* CXMLNode.h */; };
		A774D55A16497695007BAB39 /* CXMLNode.m in Sources */ = {isa = PBXBuildFile; fileRef = A774D53516497695007BAB39 /* CXMLNode.m */; };
		A774D55B16497695007BAB39 /* CXMLNode.m in Sources */ = {isa = PBXBuildFile; fileRef = A774D53516497695007BAB39 /* CXMLNode.m */; };
		A774D55C16497695007BAB39 /* CXMLNode_PrivateExtensions.h in Headers */ = {isa = PBXBuildFile; fileRef = A774D53616497695007BAB39 /* CXMLNode_PrivateExtensions.h */; };
		A774D55D16497695007BAB39 /* CXMLNode_PrivateExtensions.m in Sources */ = {isa = PBXBuildFile; fileRef = A774D53716497695007BAB39 /* CXMLNode_PrivateExtensions.m */; };
		A774D55E16497695007BAB39 /* CXMLNode_PrivateExtensions.m in Sources */ = {isa = PBXBuildFile; fileRef = A774D53716497695007BAB39 /* CXMLNode_PrivateExtensions.m */; };
		A774D55F16497695007BAB39 /* CXMLNode_XPathExtensions.h in Headers */ = {isa = PBXBuildFile; fileRef = A774D53816497695007BAB39 /* CXMLNode_XPathExtensions.h */; };
		A774D56016497695007BAB39 /* CXMLNode_XPathExtensions.m in Sources */ = {isa = PBXBuildFile; fileRef = A774D53916497695007BAB39 /* CXMLNode_XPathExtensions.m */; };
		A774D56116497695007BAB39 /* CXMLNode_XPathExtensions.m in Sources */ = {isa = PBXBuildFile; fileRef = A774D53916497695007BAB39 /* CXMLNode_XPathExtensions.m */; };
		A774D56216497695007BAB39 /* CTidy.h in Headers */ = {isa = PBXBuildFile; fileRef = A774D53B16497695007BAB39 /* CTidy.h */; };
		A774D56316497695007BAB39 /* CTidy.m in Sources */ = {isa = PBXBuildFile; fileRef = A774D53C16497695007BAB39 /* CTidy.m */; };
		A774D56416497695007BAB39 /* CTidy.m in Sources */ = {isa = PBXBuildFile; fileRef = A774D53C16497695007BAB39 /* CTidy.m */; };
		A774D56516497695007BAB39 /* TouchXML.h in Headers */ = {isa = PBXBuildFile; fileRef = A774D53D16497695007BAB39 /* TouchXML.h */; };
		A7A6A602161ABF9600C7DB72 /* CSLFormatter.m in Sources */ = {isa = PBXBuildFile; fileRef = A7D563F01603060400324303 /* CSLFormatter.m */; };
		A7A6A603161ABFC500C7DB72 /* typeMap.xml in CopyFiles */ = {isa = PBXBuildFile; fileRef = A7D2CCAF1605A4E8003AA307 /* typeMap.xml */; };
		A7A6A604161ABFC500C7DB72 /* locales-en-US.xml in CopyFiles */ = {isa = PBXBuildFile; fileRef = A7D5643A1603AFEA00324303 /* locales-en-US.xml */; };
		A7A6A605161ABFC500C7DB72 /* apa.csl in CopyFiles */ = {isa = PBXBuildFile; fileRef = A7D563ED160305DD00324303 /* apa.csl */; };
		A7A6A610161ACACD00C7DB72 /* CSLFormatter.h in Headers */ = {isa = PBXBuildFile; fileRef = A7D563EF1603060400324303 /* CSLFormatter.h */; settings = {ATTRIBUTES = (); }; };
		A7A6A617161AD3E100C7DB72 /* CSLProcessor-Prefix.pch in Headers */ = {isa = PBXBuildFile; fileRef = A7A6A616161AD3E100C7DB72 /* CSLProcessor-Prefix.pch */; };
		A7B28C06164D3FB0002F9A71 /* CSLNames.h in Headers */ = {isa = PBXBuildFile; fileRef = A7B28C04164D3FB0002F9A71 /* CSLNames.h */; };
		A7B28C07164D3FB0002F9A71 /* CSLNames.m in Sources */ = {isa = PBXBuildFile; fileRef = A7B28C05164D3FB0002F9A71 /* CSLNames.m */; };
		A7B28C08164D3FB0002F9A71 /* CSLNames.m in Sources */ = {isa = PBXBuildFile; fileRef = A7B28C05164D3FB0002F9A71 /* CSLNames.m */; };
		A7B28C0B164D4834002F9A71 /* CSLRenderingElement.h in Headers */ = {isa = PBXBuildFile; fileRef = A7B28C09164D4834002F9A71 /* CSLRenderingElement.h */; };
		A7B28C0C164D4834002F9A71 /* CSLRenderingElement.m in Sources */ = {isa = PBXBuildFile; fileRef = A7B28C0A164D4834002F9A71 /* CSLRenderingElement.m */; };
		A7B28C0D164D4834002F9A71 /* CSLRenderingElement.m in Sources */ = {isa = PBXBuildFile; fileRef = A7B28C0A164D4834002F9A71 /* CSLRenderingElement.m */; };
		A7B2ABA4164D4D46002F9A71 /* CSLRenderingElementContainer.h in Headers */ = {isa = PBXBuildFile; fileRef = A7B2ABA2164D4D46002F9A71 /* CSLRenderingElementContainer.h */; };
		A7B2ABA5164D4D46002F9A71 /* CSLRenderingElementContainer.m in Sources */ = {isa = PBXBuildFile; fileRef = A7B2ABA3164D4D46002F9A71 /* CSLRenderingElementContainer.m */; };
		A7B2ABA6164D4D46002F9A71 /* CSLRenderingElementContainer.m in Sources */ = {isa = PBXBuildFile; fileRef = A7B2ABA3164D4D46002F9A71 /* CSLRenderingElementContainer.m */; };
		A7B2ABA9164D4D78002F9A71 /* CSLLabel.h in Headers */ = {isa = PBXBuildFile; fileRef = A7B2ABA7164D4D77002F9A71 /* CSLLabel.h */; };
		A7B2ABAA164D4D78002F9A71 /* CSLLabel.m in Sources */ = {isa = PBXBuildFile; fileRef = A7B2ABA8164D4D77002F9A71 /* CSLLabel.m */; };
		A7B2ABAB164D4D78002F9A71 /* CSLLabel.m in Sources */ = {isa = PBXBuildFile; fileRef = A7B2ABA8164D4D77002F9A71 /* CSLLabel.m */; };
		A7B2ABAF164D4F29002F9A71 /* CSLLocaleTerm.h in Headers */ = {isa = PBXBuildFile; fileRef = A7B2ABAD164D4F29002F9A71 /* CSLLocaleTerm.h */; };
		A7B2ABB0164D4F29002F9A71 /* CSLLocaleTerm.m in Sources */ = {isa = PBXBuildFile; fileRef = A7B2ABAE164D4F29002F9A71 /* CSLLocaleTerm.m */; };
		A7B2ABB1164D4F29002F9A71 /* CSLLocaleTerm.m in Sources */ = {isa = PBXBuildFile; fileRef = A7B2ABAE164D4F29002F9A71 /* CSLLocaleTerm.m */; };
		A7B2ABB4164D4FA9002F9A71 /* CSLLocale.h in Headers */ = {isa = PBXBuildFile; fileRef = A7B2ABB2164D4FA9002F9A71 /* CSLLocale.h */; };
		A7B2ABB5164D4FA9002F9A71 /* CSLLocale.m in Sources */ = {isa = PBXBuildFile; fileRef = A7B2ABB3164D4FA9002F9A71 /* CSLLocale.m */; };
		A7B2ABB6164D4FA9002F9A71 /* CSLLocale.m in Sources */ = {isa = PBXBuildFile; fileRef = A7B2ABB3164D4FA9002F9A71 /* CSLLocale.m */; };
		A7B2ABB9164D5FD4002F9A71 /* CSLBibliographyOrCitation.h in Headers */ = {isa = PBXBuildFile; fileRef = A7B2ABB7164D5FD4002F9A71 /* CSLBibliographyOrCitation.h */; };
		A7B2ABBA164D5FD4002F9A71 /* CSLBibliographyOrCitation.m in Sources */ = {isa = PBXBuildFile; fileRef = A7B2ABB8164D5FD4002F9A71 /* CSLBibliographyOrCitation.m */; };
		A7B2ABBB164D5FD4002F9A71 /* CSLBibliographyOrCitation.m in Sources */ = {isa = PBXBuildFile; fileRef = A7B2ABB8164D5FD4002F9A71 /* CSLBibliographyOrCitation.m */; };
		A7B2ABC3164D7B2C002F9A71 /* CSLChoose.h in Headers */ = {isa = PBXBuildFile; fileRef = A7B2ABC1164D7B2C002F9A71 /* CSLChoose.h */; };
		A7B2ABC4164D7B2C002F9A71 /* CSLChoose.m in Sources */ = {isa = PBXBuildFile; fileRef = A7B2ABC2164D7B2C002F9A71 /* CSLChoose.m */; };
		A7B2ABC5164D7B2C002F9A71 /* CSLChoose.m in Sources */ = {isa = PBXBuildFile; fileRef = A7B2ABC2164D7B2C002F9A71 /* CSLChoose.m */; };
		A7B2ABC8164D7B76002F9A71 /* CSLIfElseCondition.h in Headers */ = {isa = PBXBuildFile; fileRef = A7B2ABC6164D7B76002F9A71 /* CSLIfElseCondition.h */; };
		A7B2ABC9164D7B76002F9A71 /* CSLIfElseCondition.m in Sources */ = {isa = PBXBuildFile; fileRef = A7B2ABC7164D7B76002F9A71 /* CSLIfElseCondition.m */; };
		A7B2ABCA164D7B76002F9A71 /* CSLIfElseCondition.m in Sources */ = {isa = PBXBuildFile; fileRef = A7B2ABC7164D7B76002F9A71 /* CSLIfElseCondition.m */; };
		A7B2ABCD164D7BB0002F9A71 /* CSLGroup.h in Headers */ = {isa = PBXBuildFile; fileRef = A7B2ABCB164D7BAF002F9A71 /* CSLGroup.h */; };
		A7B2ABCE164D7BB0002F9A71 /* CSLGroup.m in Sources */ = {isa = PBXBuildFile; fileRef = A7B2ABCC164D7BAF002F9A71 /* CSLGroup.m */; };
		A7B2ABCF164D7BB0002F9A71 /* CSLGroup.m in Sources */ = {isa = PBXBuildFile; fileRef = A7B2ABCC164D7BAF002F9A71 /* CSLGroup.m */; };
		A7B2ABD2164D7BDF002F9A71 /* CSLDate.h in Headers */ = {isa = PBXBuildFile; fileRef = A7B2ABD0164D7BDF002F9A71 /* CSLDate.h */; };
		A7B2ABD3164D7BDF002F9A71 /* CSLDate.m in Sources */ = {isa = PBXBuildFile; fileRef = A7B2ABD1164D7BDF002F9A71 /* CSLDate.m */; };
		A7B2ABD4164D7BDF002F9A71 /* CSLDate.m in Sources */ = {isa = PBXBuildFile; fileRef = A7B2ABD1164D7BDF002F9A71 /* CSLDate.m */; };
		A7B2ABD7164D7C14002F9A71 /* CSLDatePart.h in Headers */ = {isa = PBXBuildFile; fileRef = A7B2ABD5164D7C13002F9A71 /* CSLDatePart.h */; };
		A7B2ABD8164D7C14002F9A71 /* CSLDatePart.m in Sources */ = {isa = PBXBuildFile; fileRef = A7B2ABD6164D7C13002F9A71 /* CSLDatePart.m */; };
		A7B2ABD9164D7C14002F9A71 /* CSLDatePart.m in Sources */ = {isa = PBXBuildFile; fileRef = A7B2ABD6164D7C13002F9A71 /* CSLDatePart.m */; };
		A7B2ABDC164D7C36002F9A71 /* CSLText.h in Headers */ = {isa = PBXBuildFile; fileRef = A7B2ABDA164D7C35002F9A71 /* CSLText.h */; };
		A7B2ABDD164D7C36002F9A71 /* CSLText.m in Sources */ = {isa = PBXBuildFile; fileRef = A7B2ABDB164D7C35002F9A71 /* CSLText.m */; };
		A7B2ABDE164D7C36002F9A71 /* CSLText.m in Sources */ = {isa = PBXBuildFile; fileRef = A7B2ABDB164D7C35002F9A71 /* CSLText.m */; };
		A7B2ABE1164D7E8D002F9A71 /* CSLNumber.h in Headers */ = {isa = PBXBuildFile; fileRef = A7B2ABDF164D7E8B002F9A71 /* CSLNumber.h */; };
		A7B2ABE2164D7E8D002F9A71 /* CSLNumber.m in Sources */ = {isa = PBXBuildFile; fileRef = A7B2ABE0164D7E8C002F9A71 /* CSLNumber.m */; };
		A7B2ABE3164D7E8D002F9A71 /* CSLNumber.m in Sources */ = {isa = PBXBuildFile; fileRef = A7B2ABE0164D7E8C002F9A71 /* CSLNumber.m */; };
		A7B2ABE6164D7EB1002F9A71 /* CSLMacro.h in Headers */ = {isa = PBXBuildFile; fileRef = A7B2ABE4164D7EAF002F9A71 /* CSLMacro.h */; };
		A7B2ABE7164D7EB1002F9A71 /* CSLMacro.m in Sources */ = {isa = PBXBuildFile; fileRef = A7B2ABE5164D7EB0002F9A71 /* CSLMacro.m */; };
		A7B2ABE8164D7EB1002F9A71 /* CSLMacro.m in Sources */ = {isa = PBXBuildFile; fileRef = A7B2ABE5164D7EB0002F9A71 /* CSLMacro.m */; };
		A7D2CCB01605A4E8003AA307 /* typeMap.xml in Resources */ = {isa = PBXBuildFile; fileRef = A7D2CCAF1605A4E8003AA307 /* typeMap.xml */; };
		A7D563CF160304DC00324303 /* Cocoa.framework in Frameworks */ = {isa = PBXBuildFile; fileRef = A7D563AE1603046700324303 /* Cocoa.framework */; };
		A7D563EB1603059900324303 /* citations.txt in Resources */ = {isa = PBXBuildFile; fileRef = A7D563E91603059900324303 /* citations.txt */; };
		A7D563EC1603059900324303 /* json.txt in Resources */ = {isa = PBXBuildFile; fileRef = A7D563EA1603059900324303 /* json.txt */; };
		A7D563EE160305DD00324303 /* apa.csl in Resources */ = {isa = PBXBuildFile; fileRef = A7D563ED160305DD00324303 /* apa.csl */; };
		A7D563F11603060400324303 /* CSLFormatter.m in Sources */ = {isa = PBXBuildFile; fileRef = A7D563F01603060400324303 /* CSLFormatter.m */; };
		A7D5642D16030D0900324303 /* libxml2.dylib in Frameworks */ = {isa = PBXBuildFile; fileRef = A7D5642C16030D0900324303 /* libxml2.dylib */; };
		A7D5642E16034CE200324303 /* NSObject+SBJson.m in Sources */ = {isa = PBXBuildFile; fileRef = A7D563811602FD7E00324303 /* NSObject+SBJson.m */; };
		A7D5642F16034CE200324303 /* SBJsonParser.m in Sources */ = {isa = PBXBuildFile; fileRef = A7D563841602FD7E00324303 /* SBJsonParser.m */; };
		A7D5643016034CE200324303 /* SBJsonStreamParser.m in Sources */ = {isa = PBXBuildFile; fileRef = A7D563861602FD7E00324303 /* SBJsonStreamParser.m */; };
		A7D5643116034CE200324303 /* SBJsonStreamParserAccumulator.m in Sources */ = {isa = PBXBuildFile; fileRef = A7D563881602FD7E00324303 /* SBJsonStreamParserAccumulator.m */; };
		A7D5643216034CE200324303 /* SBJsonStreamParserAdapter.m in Sources */ = {isa = PBXBuildFile; fileRef = A7D5638A1602FD7E00324303 /* SBJsonStreamParserAdapter.m */; };
		A7D5643316034CE200324303 /* SBJsonStreamParserState.m in Sources */ = {isa = PBXBuildFile; fileRef = A7D5638C1602FD7E00324303 /* SBJsonStreamParserState.m */; };
		A7D5643416034CE200324303 /* SBJsonStreamWriter.m in Sources */ = {isa = PBXBuildFile; fileRef = A7D5638E1602FD7E00324303 /* SBJsonStreamWriter.m */; };
		A7D5643516034CE200324303 /* SBJsonStreamWriterAccumulator.m in Sources */ = {isa = PBXBuildFile; fileRef = A7D563901602FD7E00324303 /* SBJsonStreamWriterAccumulator.m */; };
		A7D5643616034CE200324303 /* SBJsonStreamWriterState.m in Sources */ = {isa = PBXBuildFile; fileRef = A7D563921602FD7E00324303 /* SBJsonStreamWriterState.m */; };
		A7D5643716034CE200324303 /* SBJsonTokeniser.m in Sources */ = {isa = PBXBuildFile; fileRef = A7D563941602FD7E00324303 /* SBJsonTokeniser.m */; };
		A7D5643816034CE200324303 /* SBJsonUTF8Stream.m in Sources */ = {isa = PBXBuildFile; fileRef = A7D563961602FD7E00324303 /* SBJsonUTF8Stream.m */; };
		A7D5643916034CE200324303 /* SBJsonWriter.m in Sources */ = {isa = PBXBuildFile; fileRef = A7D563981602FD7E00324303 /* SBJsonWriter.m */; };
		A7D5643B1603AFEA00324303 /* locales-en-US.xml in Resources */ = {isa = PBXBuildFile; fileRef = A7D5643A1603AFEA00324303 /* locales-en-US.xml */; };
/* End PBXBuildFile section */

/* Begin PBXCopyFilesBuildPhase section */
		A736E691161ABAA8004E71AF /* CopyFiles */ = {
			isa = PBXCopyFilesBuildPhase;
			buildActionMask = 2147483647;
			dstPath = "include/${PRODUCT_NAME}";
			dstSubfolderSpec = 16;
			files = (
				A7A6A603161ABFC500C7DB72 /* typeMap.xml in CopyFiles */,
				A7A6A604161ABFC500C7DB72 /* locales-en-US.xml in CopyFiles */,
				A7A6A605161ABFC500C7DB72 /* apa.csl in CopyFiles */,
			);
			runOnlyForDeploymentPostprocessing = 0;
		};
/* End PBXCopyFilesBuildPhase section */

/* Begin PBXFileReference section */
		A714DEA316130DB30068DF9A /* NSString+HTML.h */ = {isa = PBXFileReference; fileEncoding = 4; lastKnownFileType = sourcecode.c.h; name = "NSString+HTML.h"; path = "MWFeedParser/Classes/NSString+HTML.h"; sourceTree = "<group>"; };
		A714DEA416130DB30068DF9A /* NSString+HTML.m */ = {isa = PBXFileReference; fileEncoding = 4; lastKnownFileType = sourcecode.c.objc; name = "NSString+HTML.m"; path = "MWFeedParser/Classes/NSString+HTML.m"; sourceTree = "<group>"; };
		A714DEA716130E420068DF9A /* GTMNSString+HTML.h */ = {isa = PBXFileReference; fileEncoding = 4; lastKnownFileType = sourcecode.c.h; name = "GTMNSString+HTML.h"; path = "MWFeedParser/Classes/GTMNSString+HTML.h"; sourceTree = "<group>"; };
		A714DEA816130E420068DF9A /* GTMNSString+HTML.m */ = {isa = PBXFileReference; fileEncoding = 4; lastKnownFileType = sourcecode.c.objc; name = "GTMNSString+HTML.m"; path = "MWFeedParser/Classes/GTMNSString+HTML.m"; sourceTree = "<group>"; };
		A736E693161ABAA8004E71AF /* libCSLProcessor.a */ = {isa = PBXFileReference; explicitFileType = archive.ar; includeInIndex = 0; path = libCSLProcessor.a; sourceTree = BUILT_PRODUCTS_DIR; };
		A774D52216497695007BAB39 /* CXMLDocument_CreationExtensions.h */ = {isa = PBXFileReference; fileEncoding = 4; lastKnownFileType = sourcecode.c.h; path = CXMLDocument_CreationExtensions.h; sourceTree = "<group>"; };
		A774D52316497695007BAB39 /* CXMLDocument_CreationExtensions.m */ = {isa = PBXFileReference; fileEncoding = 4; lastKnownFileType = sourcecode.c.objc; path = CXMLDocument_CreationExtensions.m; sourceTree = "<group>"; };
		A774D52416497695007BAB39 /* CXMLNode_CreationExtensions.h */ = {isa = PBXFileReference; fileEncoding = 4; lastKnownFileType = sourcecode.c.h; path = CXMLNode_CreationExtensions.h; sourceTree = "<group>"; };
		A774D52516497695007BAB39 /* CXMLNode_CreationExtensions.m */ = {isa = PBXFileReference; fileEncoding = 4; lastKnownFileType = sourcecode.c.objc; path = CXMLNode_CreationExtensions.m; sourceTree = "<group>"; };
		A774D52616497695007BAB39 /* CXHTMLDocument.h */ = {isa = PBXFileReference; fileEncoding = 4; lastKnownFileType = sourcecode.c.h; path = CXHTMLDocument.h; sourceTree = "<group>"; };
		A774D52716497695007BAB39 /* CXHTMLDocument.m */ = {isa = PBXFileReference; fileEncoding = 4; lastKnownFileType = sourcecode.c.objc; path = CXHTMLDocument.m; sourceTree = "<group>"; };
		A774D52816497695007BAB39 /* CXMLDocument.h */ = {isa = PBXFileReference; fileEncoding = 4; lastKnownFileType = sourcecode.c.h; path = CXMLDocument.h; sourceTree = "<group>"; };
		A774D52916497695007BAB39 /* CXMLDocument.m */ = {isa = PBXFileReference; fileEncoding = 4; lastKnownFileType = sourcecode.c.objc; path = CXMLDocument.m; sourceTree = "<group>"; };
		A774D52A16497695007BAB39 /* CXMLDocument_PrivateExtensions.h */ = {isa = PBXFileReference; fileEncoding = 4; lastKnownFileType = sourcecode.c.h; path = CXMLDocument_PrivateExtensions.h; sourceTree = "<group>"; };
		A774D52B16497695007BAB39 /* CXMLDocument_PrivateExtensions.m */ = {isa = PBXFileReference; fileEncoding = 4; lastKnownFileType = sourcecode.c.objc; path = CXMLDocument_PrivateExtensions.m; sourceTree = "<group>"; };
		A774D52C16497695007BAB39 /* CXMLElement.h */ = {isa = PBXFileReference; fileEncoding = 4; lastKnownFileType = sourcecode.c.h; path = CXMLElement.h; sourceTree = "<group>"; };
		A774D52D16497695007BAB39 /* CXMLElement.m */ = {isa = PBXFileReference; fileEncoding = 4; lastKnownFileType = sourcecode.c.objc; path = CXMLElement.m; sourceTree = "<group>"; };
		A774D52E16497695007BAB39 /* CXMLElement_CreationExtensions.h */ = {isa = PBXFileReference; fileEncoding = 4; lastKnownFileType = sourcecode.c.h; path = CXMLElement_CreationExtensions.h; sourceTree = "<group>"; };
		A774D52F16497695007BAB39 /* CXMLElement_CreationExtensions.m */ = {isa = PBXFileReference; fileEncoding = 4; lastKnownFileType = sourcecode.c.objc; path = CXMLElement_CreationExtensions.m; sourceTree = "<group>"; };
		A774D53016497695007BAB39 /* CXMLElement_ElementTreeExtensions.h */ = {isa = PBXFileReference; fileEncoding = 4; lastKnownFileType = sourcecode.c.h; path = CXMLElement_ElementTreeExtensions.h; sourceTree = "<group>"; };
		A774D53116497695007BAB39 /* CXMLElement_ElementTreeExtensions.m */ = {isa = PBXFileReference; fileEncoding = 4; lastKnownFileType = sourcecode.c.objc; path = CXMLElement_ElementTreeExtensions.m; sourceTree = "<group>"; };
		A774D53216497695007BAB39 /* CXMLNamespaceNode.h */ = {isa = PBXFileReference; fileEncoding = 4; lastKnownFileType = sourcecode.c.h; path = CXMLNamespaceNode.h; sourceTree = "<group>"; };
		A774D53316497695007BAB39 /* CXMLNamespaceNode.m */ = {isa = PBXFileReference; fileEncoding = 4; lastKnownFileType = sourcecode.c.objc; path = CXMLNamespaceNode.m; sourceTree = "<group>"; };
		A774D53416497695007BAB39 /* CXMLNode.h */ = {isa = PBXFileReference; fileEncoding = 4; lastKnownFileType = sourcecode.c.h; path = CXMLNode.h; sourceTree = "<group>"; };
		A774D53516497695007BAB39 /* CXMLNode.m */ = {isa = PBXFileReference; fileEncoding = 4; lastKnownFileType = sourcecode.c.objc; path = CXMLNode.m; sourceTree = "<group>"; };
		A774D53616497695007BAB39 /* CXMLNode_PrivateExtensions.h */ = {isa = PBXFileReference; fileEncoding = 4; lastKnownFileType = sourcecode.c.h; path = CXMLNode_PrivateExtensions.h; sourceTree = "<group>"; };
		A774D53716497695007BAB39 /* CXMLNode_PrivateExtensions.m */ = {isa = PBXFileReference; fileEncoding = 4; lastKnownFileType = sourcecode.c.objc; path = CXMLNode_PrivateExtensions.m; sourceTree = "<group>"; };
		A774D53816497695007BAB39 /* CXMLNode_XPathExtensions.h */ = {isa = PBXFileReference; fileEncoding = 4; lastKnownFileType = sourcecode.c.h; path = CXMLNode_XPathExtensions.h; sourceTree = "<group>"; };
		A774D53916497695007BAB39 /* CXMLNode_XPathExtensions.m */ = {isa = PBXFileReference; fileEncoding = 4; lastKnownFileType = sourcecode.c.objc; path = CXMLNode_XPathExtensions.m; sourceTree = "<group>"; };
		A774D53B16497695007BAB39 /* CTidy.h */ = {isa = PBXFileReference; fileEncoding = 4; lastKnownFileType = sourcecode.c.h; path = CTidy.h; sourceTree = "<group>"; };
		A774D53C16497695007BAB39 /* CTidy.m */ = {isa = PBXFileReference; fileEncoding = 4; lastKnownFileType = sourcecode.c.objc; path = CTidy.m; sourceTree = "<group>"; };
		A774D53D16497695007BAB39 /* TouchXML.h */ = {isa = PBXFileReference; fileEncoding = 4; lastKnownFileType = sourcecode.c.h; path = TouchXML.h; sourceTree = "<group>"; };
		A7A6A616161AD3E100C7DB72 /* CSLProcessor-Prefix.pch */ = {isa = PBXFileReference; fileEncoding = 4; lastKnownFileType = sourcecode.c.h; name = "CSLProcessor-Prefix.pch"; path = "CSLProcessor/CSLProcessor-Prefix.pch"; sourceTree = SOURCE_ROOT; };
		A7B28C04164D3FB0002F9A71 /* CSLNames.h */ = {isa = PBXFileReference; fileEncoding = 4; lastKnownFileType = sourcecode.c.h; path = CSLNames.h; sourceTree = SOURCE_ROOT; };
		A7B28C05164D3FB0002F9A71 /* CSLNames.m */ = {isa = PBXFileReference; fileEncoding = 4; lastKnownFileType = sourcecode.c.objc; path = CSLNames.m; sourceTree = SOURCE_ROOT; };
		A7B28C09164D4834002F9A71 /* CSLRenderingElement.h */ = {isa = PBXFileReference; fileEncoding = 4; lastKnownFileType = sourcecode.c.h; path = CSLRenderingElement.h; sourceTree = SOURCE_ROOT; };
		A7B28C0A164D4834002F9A71 /* CSLRenderingElement.m */ = {isa = PBXFileReference; fileEncoding = 4; lastKnownFileType = sourcecode.c.objc; path = CSLRenderingElement.m; sourceTree = SOURCE_ROOT; };
		A7B2ABA2164D4D46002F9A71 /* CSLRenderingElementContainer.h */ = {isa = PBXFileReference; fileEncoding = 4; lastKnownFileType = sourcecode.c.h; path = CSLRenderingElementContainer.h; sourceTree = SOURCE_ROOT; };
		A7B2ABA3164D4D46002F9A71 /* CSLRenderingElementContainer.m */ = {isa = PBXFileReference; fileEncoding = 4; lastKnownFileType = sourcecode.c.objc; path = CSLRenderingElementContainer.m; sourceTree = SOURCE_ROOT; };
		A7B2ABA7164D4D77002F9A71 /* CSLLabel.h */ = {isa = PBXFileReference; fileEncoding = 4; lastKnownFileType = sourcecode.c.h; path = CSLLabel.h; sourceTree = SOURCE_ROOT; };
		A7B2ABA8164D4D77002F9A71 /* CSLLabel.m */ = {isa = PBXFileReference; fileEncoding = 4; lastKnownFileType = sourcecode.c.objc; path = CSLLabel.m; sourceTree = SOURCE_ROOT; };
		A7B2ABAD164D4F29002F9A71 /* CSLLocaleTerm.h */ = {isa = PBXFileReference; fileEncoding = 4; lastKnownFileType = sourcecode.c.h; path = CSLLocaleTerm.h; sourceTree = SOURCE_ROOT; };
		A7B2ABAE164D4F29002F9A71 /* CSLLocaleTerm.m */ = {isa = PBXFileReference; fileEncoding = 4; lastKnownFileType = sourcecode.c.objc; path = CSLLocaleTerm.m; sourceTree = SOURCE_ROOT; };
		A7B2ABB2164D4FA9002F9A71 /* CSLLocale.h */ = {isa = PBXFileReference; fileEncoding = 4; lastKnownFileType = sourcecode.c.h; path = CSLLocale.h; sourceTree = SOURCE_ROOT; };
		A7B2ABB3164D4FA9002F9A71 /* CSLLocale.m */ = {isa = PBXFileReference; fileEncoding = 4; lastKnownFileType = sourcecode.c.objc; path = CSLLocale.m; sourceTree = SOURCE_ROOT; };
		A7B2ABB7164D5FD4002F9A71 /* CSLBibliographyOrCitation.h */ = {isa = PBXFileReference; fileEncoding = 4; lastKnownFileType = sourcecode.c.h; path = CSLBibliographyOrCitation.h; sourceTree = SOURCE_ROOT; };
		A7B2ABB8164D5FD4002F9A71 /* CSLBibliographyOrCitation.m */ = {isa = PBXFileReference; fileEncoding = 4; lastKnownFileType = sourcecode.c.objc; path = CSLBibliographyOrCitation.m; sourceTree = SOURCE_ROOT; };
		A7B2ABC1164D7B2C002F9A71 /* CSLChoose.h */ = {isa = PBXFileReference; fileEncoding = 4; lastKnownFileType = sourcecode.c.h; path = CSLChoose.h; sourceTree = SOURCE_ROOT; };
		A7B2ABC2164D7B2C002F9A71 /* CSLChoose.m */ = {isa = PBXFileReference; fileEncoding = 4; lastKnownFileType = sourcecode.c.objc; path = CSLChoose.m; sourceTree = SOURCE_ROOT; };
		A7B2ABC6164D7B76002F9A71 /* CSLIfElseCondition.h */ = {isa = PBXFileReference; fileEncoding = 4; lastKnownFileType = sourcecode.c.h; path = CSLIfElseCondition.h; sourceTree = SOURCE_ROOT; };
		A7B2ABC7164D7B76002F9A71 /* CSLIfElseCondition.m */ = {isa = PBXFileReference; fileEncoding = 4; lastKnownFileType = sourcecode.c.objc; path = CSLIfElseCondition.m; sourceTree = SOURCE_ROOT; };
		A7B2ABCB164D7BAF002F9A71 /* CSLGroup.h */ = {isa = PBXFileReference; fileEncoding = 4; lastKnownFileType = sourcecode.c.h; path = CSLGroup.h; sourceTree = SOURCE_ROOT; };
		A7B2ABCC164D7BAF002F9A71 /* CSLGroup.m */ = {isa = PBXFileReference; fileEncoding = 4; lastKnownFileType = sourcecode.c.objc; path = CSLGroup.m; sourceTree = SOURCE_ROOT; };
		A7B2ABD0164D7BDF002F9A71 /* CSLDate.h */ = {isa = PBXFileReference; fileEncoding = 4; lastKnownFileType = sourcecode.c.h; path = CSLDate.h; sourceTree = SOURCE_ROOT; };
		A7B2ABD1164D7BDF002F9A71 /* CSLDate.m */ = {isa = PBXFileReference; fileEncoding = 4; lastKnownFileType = sourcecode.c.objc; path = CSLDate.m; sourceTree = SOURCE_ROOT; };
		A7B2ABD5164D7C13002F9A71 /* CSLDatePart.h */ = {isa = PBXFileReference; fileEncoding = 4; lastKnownFileType = sourcecode.c.h; path = CSLDatePart.h; sourceTree = SOURCE_ROOT; };
		A7B2ABD6164D7C13002F9A71 /* CSLDatePart.m */ = {isa = PBXFileReference; fileEncoding = 4; lastKnownFileType = sourcecode.c.objc; path = CSLDatePart.m; sourceTree = SOURCE_ROOT; };
		A7B2ABDA164D7C35002F9A71 /* CSLText.h */ = {isa = PBXFileReference; fileEncoding = 4; lastKnownFileType = sourcecode.c.h; path = CSLText.h; sourceTree = SOURCE_ROOT; };
		A7B2ABDB164D7C35002F9A71 /* CSLText.m */ = {isa = PBXFileReference; fileEncoding = 4; lastKnownFileType = sourcecode.c.objc; path = CSLText.m; sourceTree = SOURCE_ROOT; };
		A7B2ABDF164D7E8B002F9A71 /* CSLNumber.h */ = {isa = PBXFileReference; fileEncoding = 4; lastKnownFileType = sourcecode.c.h; path = CSLNumber.h; sourceTree = SOURCE_ROOT; };
		A7B2ABE0164D7E8C002F9A71 /* CSLNumber.m */ = {isa = PBXFileReference; fileEncoding = 4; lastKnownFileType = sourcecode.c.objc; path = CSLNumber.m; sourceTree = SOURCE_ROOT; };
		A7B2ABE4164D7EAF002F9A71 /* CSLMacro.h */ = {isa = PBXFileReference; fileEncoding = 4; lastKnownFileType = sourcecode.c.h; path = CSLMacro.h; sourceTree = SOURCE_ROOT; };
		A7B2ABE5164D7EB0002F9A71 /* CSLMacro.m */ = {isa = PBXFileReference; fileEncoding = 4; lastKnownFileType = sourcecode.c.objc; path = CSLMacro.m; sourceTree = SOURCE_ROOT; };
		A7D2CCAF1605A4E8003AA307 /* typeMap.xml */ = {isa = PBXFileReference; fileEncoding = 4; lastKnownFileType = text.xml; name = typeMap.xml; path = z2csl/typeMap.xml; sourceTree = SOURCE_ROOT; };
		A7D5634A1602F88800324303 /* Foundation.framework */ = {isa = PBXFileReference; lastKnownFileType = wrapper.framework; name = Foundation.framework; path = System/Library/Frameworks/Foundation.framework; sourceTree = SDKROOT; };
		A7D563801602FD7E00324303 /* NSObject+SBJson.h */ = {isa = PBXFileReference; fileEncoding = 4; lastKnownFileType = sourcecode.c.h; path = "NSObject+SBJson.h"; sourceTree = "<group>"; };
		A7D563811602FD7E00324303 /* NSObject+SBJson.m */ = {isa = PBXFileReference; fileEncoding = 4; lastKnownFileType = sourcecode.c.objc; path = "NSObject+SBJson.m"; sourceTree = "<group>"; };
		A7D563821602FD7E00324303 /* SBJson.h */ = {isa = PBXFileReference; fileEncoding = 4; lastKnownFileType = sourcecode.c.h; path = SBJson.h; sourceTree = "<group>"; };
		A7D563831602FD7E00324303 /* SBJsonParser.h */ = {isa = PBXFileReference; fileEncoding = 4; lastKnownFileType = sourcecode.c.h; path = SBJsonParser.h; sourceTree = "<group>"; };
		A7D563841602FD7E00324303 /* SBJsonParser.m */ = {isa = PBXFileReference; fileEncoding = 4; lastKnownFileType = sourcecode.c.objc; path = SBJsonParser.m; sourceTree = "<group>"; };
		A7D563851602FD7E00324303 /* SBJsonStreamParser.h */ = {isa = PBXFileReference; fileEncoding = 4; lastKnownFileType = sourcecode.c.h; path = SBJsonStreamParser.h; sourceTree = "<group>"; };
		A7D563861602FD7E00324303 /* SBJsonStreamParser.m */ = {isa = PBXFileReference; fileEncoding = 4; lastKnownFileType = sourcecode.c.objc; path = SBJsonStreamParser.m; sourceTree = "<group>"; };
		A7D563871602FD7E00324303 /* SBJsonStreamParserAccumulator.h */ = {isa = PBXFileReference; fileEncoding = 4; lastKnownFileType = sourcecode.c.h; path = SBJsonStreamParserAccumulator.h; sourceTree = "<group>"; };
		A7D563881602FD7E00324303 /* SBJsonStreamParserAccumulator.m */ = {isa = PBXFileReference; fileEncoding = 4; lastKnownFileType = sourcecode.c.objc; path = SBJsonStreamParserAccumulator.m; sourceTree = "<group>"; };
		A7D563891602FD7E00324303 /* SBJsonStreamParserAdapter.h */ = {isa = PBXFileReference; fileEncoding = 4; lastKnownFileType = sourcecode.c.h; path = SBJsonStreamParserAdapter.h; sourceTree = "<group>"; };
		A7D5638A1602FD7E00324303 /* SBJsonStreamParserAdapter.m */ = {isa = PBXFileReference; fileEncoding = 4; lastKnownFileType = sourcecode.c.objc; path = SBJsonStreamParserAdapter.m; sourceTree = "<group>"; };
		A7D5638B1602FD7E00324303 /* SBJsonStreamParserState.h */ = {isa = PBXFileReference; fileEncoding = 4; lastKnownFileType = sourcecode.c.h; path = SBJsonStreamParserState.h; sourceTree = "<group>"; };
		A7D5638C1602FD7E00324303 /* SBJsonStreamParserState.m */ = {isa = PBXFileReference; fileEncoding = 4; lastKnownFileType = sourcecode.c.objc; path = SBJsonStreamParserState.m; sourceTree = "<group>"; };
		A7D5638D1602FD7E00324303 /* SBJsonStreamWriter.h */ = {isa = PBXFileReference; fileEncoding = 4; lastKnownFileType = sourcecode.c.h; path = SBJsonStreamWriter.h; sourceTree = "<group>"; };
		A7D5638E1602FD7E00324303 /* SBJsonStreamWriter.m */ = {isa = PBXFileReference; fileEncoding = 4; lastKnownFileType = sourcecode.c.objc; path = SBJsonStreamWriter.m; sourceTree = "<group>"; };
		A7D5638F1602FD7E00324303 /* SBJsonStreamWriterAccumulator.h */ = {isa = PBXFileReference; fileEncoding = 4; lastKnownFileType = sourcecode.c.h; path = SBJsonStreamWriterAccumulator.h; sourceTree = "<group>"; };
		A7D563901602FD7E00324303 /* SBJsonStreamWriterAccumulator.m */ = {isa = PBXFileReference; fileEncoding = 4; lastKnownFileType = sourcecode.c.objc; path = SBJsonStreamWriterAccumulator.m; sourceTree = "<group>"; };
		A7D563911602FD7E00324303 /* SBJsonStreamWriterState.h */ = {isa = PBXFileReference; fileEncoding = 4; lastKnownFileType = sourcecode.c.h; path = SBJsonStreamWriterState.h; sourceTree = "<group>"; };
		A7D563921602FD7E00324303 /* SBJsonStreamWriterState.m */ = {isa = PBXFileReference; fileEncoding = 4; lastKnownFileType = sourcecode.c.objc; path = SBJsonStreamWriterState.m; sourceTree = "<group>"; };
		A7D563931602FD7E00324303 /* SBJsonTokeniser.h */ = {isa = PBXFileReference; fileEncoding = 4; lastKnownFileType = sourcecode.c.h; path = SBJsonTokeniser.h; sourceTree = "<group>"; };
		A7D563941602FD7E00324303 /* SBJsonTokeniser.m */ = {isa = PBXFileReference; fileEncoding = 4; lastKnownFileType = sourcecode.c.objc; path = SBJsonTokeniser.m; sourceTree = "<group>"; };
		A7D563951602FD7E00324303 /* SBJsonUTF8Stream.h */ = {isa = PBXFileReference; fileEncoding = 4; lastKnownFileType = sourcecode.c.h; path = SBJsonUTF8Stream.h; sourceTree = "<group>"; };
		A7D563961602FD7E00324303 /* SBJsonUTF8Stream.m */ = {isa = PBXFileReference; fileEncoding = 4; lastKnownFileType = sourcecode.c.objc; path = SBJsonUTF8Stream.m; sourceTree = "<group>"; };
		A7D563971602FD7E00324303 /* SBJsonWriter.h */ = {isa = PBXFileReference; fileEncoding = 4; lastKnownFileType = sourcecode.c.h; path = SBJsonWriter.h; sourceTree = "<group>"; };
		A7D563981602FD7E00324303 /* SBJsonWriter.m */ = {isa = PBXFileReference; fileEncoding = 4; lastKnownFileType = sourcecode.c.objc; path = SBJsonWriter.m; sourceTree = "<group>"; };
		A7D563AE1603046700324303 /* Cocoa.framework */ = {isa = PBXFileReference; lastKnownFileType = wrapper.framework; name = Cocoa.framework; path = System/Library/Frameworks/Cocoa.framework; sourceTree = SDKROOT; };
		A7D563CD160304DC00324303 /* CSLProcessorTest.app */ = {isa = PBXFileReference; explicitFileType = wrapper.application; includeInIndex = 0; path = CSLProcessorTest.app; sourceTree = BUILT_PRODUCTS_DIR; };
		A7D563D1160304DC00324303 /* AppKit.framework */ = {isa = PBXFileReference; lastKnownFileType = wrapper.framework; name = AppKit.framework; path = System/Library/Frameworks/AppKit.framework; sourceTree = SDKROOT; };
		A7D563D2160304DC00324303 /* CoreData.framework */ = {isa = PBXFileReference; lastKnownFileType = wrapper.framework; name = CoreData.framework; path = System/Library/Frameworks/CoreData.framework; sourceTree = SDKROOT; };
		A7D563D3160304DC00324303 /* Foundation.framework */ = {isa = PBXFileReference; lastKnownFileType = wrapper.framework; name = Foundation.framework; path = System/Library/Frameworks/Foundation.framework; sourceTree = SDKROOT; };
		A7D563D6160304DC00324303 /* CSLProcessor-Info.plist */ = {isa = PBXFileReference; lastKnownFileType = text.plist; name = "CSLProcessor-Info.plist"; path = "CSLProcessor/CSLProcessor-Info.plist"; sourceTree = "<group>"; };
		A7D563DA160304DC00324303 /* main.m */ = {isa = PBXFileReference; lastKnownFileType = sourcecode.c.objc; name = main.m; path = CSLProcessor/main.m; sourceTree = SOURCE_ROOT; };
		A7D563E91603059900324303 /* citations.txt */ = {isa = PBXFileReference; fileEncoding = 4; lastKnownFileType = text; name = citations.txt; path = CSLProcessor/citations.txt; sourceTree = SOURCE_ROOT; };
		A7D563EA1603059900324303 /* json.txt */ = {isa = PBXFileReference; fileEncoding = 4; lastKnownFileType = text; name = json.txt; path = CSLProcessor/json.txt; sourceTree = SOURCE_ROOT; };
		A7D563ED160305DD00324303 /* apa.csl */ = {isa = PBXFileReference; fileEncoding = 4; lastKnownFileType = text.xml; name = apa.csl; path = styles/apa.csl; sourceTree = SOURCE_ROOT; };
		A7D563EF1603060400324303 /* CSLFormatter.h */ = {isa = PBXFileReference; fileEncoding = 4; lastKnownFileType = sourcecode.c.h; name = CSLFormatter.h; path = CSLProcessor/CSLFormatter.h; sourceTree = SOURCE_ROOT; };
		A7D563F01603060400324303 /* CSLFormatter.m */ = {isa = PBXFileReference; fileEncoding = 4; lastKnownFileType = sourcecode.c.objc; name = CSLFormatter.m; path = CSLProcessor/CSLFormatter.m; sourceTree = SOURCE_ROOT; };
		A7D5642C16030D0900324303 /* libxml2.dylib */ = {isa = PBXFileReference; lastKnownFileType = "compiled.mach-o.dylib"; name = libxml2.dylib; path = usr/lib/libxml2.dylib; sourceTree = SDKROOT; };
		A7D5643A1603AFEA00324303 /* locales-en-US.xml */ = {isa = PBXFileReference; fileEncoding = 4; lastKnownFileType = text.xml; name = "locales-en-US.xml"; path = "locales/locales-en-US.xml"; sourceTree = SOURCE_ROOT; };
/* End PBXFileReference section */

/* Begin PBXFrameworksBuildPhase section */
		A736E690161ABAA8004E71AF /* Frameworks */ = {
			isa = PBXFrameworksBuildPhase;
			buildActionMask = 2147483647;
			files = (
				A736E694161ABAA8004E71AF /* Foundation.framework in Frameworks */,
			);
			runOnlyForDeploymentPostprocessing = 0;
		};
		A7D563CA160304DC00324303 /* Frameworks */ = {
			isa = PBXFrameworksBuildPhase;
			buildActionMask = 2147483647;
			files = (
				A7D5642D16030D0900324303 /* libxml2.dylib in Frameworks */,
				A7D563CF160304DC00324303 /* Cocoa.framework in Frameworks */,
			);
			runOnlyForDeploymentPostprocessing = 0;
		};
/* End PBXFrameworksBuildPhase section */

/* Begin PBXGroup section */
		A774D52016497695007BAB39 /* TouchXML */ = {
			isa = PBXGroup;
			children = (
				A774D52116497695007BAB39 /* Creation */,
				A774D52616497695007BAB39 /* CXHTMLDocument.h */,
				A774D52716497695007BAB39 /* CXHTMLDocument.m */,
				A774D52816497695007BAB39 /* CXMLDocument.h */,
				A774D52916497695007BAB39 /* CXMLDocument.m */,
				A774D52A16497695007BAB39 /* CXMLDocument_PrivateExtensions.h */,
				A774D52B16497695007BAB39 /* CXMLDocument_PrivateExtensions.m */,
				A774D52C16497695007BAB39 /* CXMLElement.h */,
				A774D52D16497695007BAB39 /* CXMLElement.m */,
				A774D52E16497695007BAB39 /* CXMLElement_CreationExtensions.h */,
				A774D52F16497695007BAB39 /* CXMLElement_CreationExtensions.m */,
				A774D53016497695007BAB39 /* CXMLElement_ElementTreeExtensions.h */,
				A774D53116497695007BAB39 /* CXMLElement_ElementTreeExtensions.m */,
				A774D53216497695007BAB39 /* CXMLNamespaceNode.h */,
				A774D53316497695007BAB39 /* CXMLNamespaceNode.m */,
				A774D53416497695007BAB39 /* CXMLNode.h */,
				A774D53516497695007BAB39 /* CXMLNode.m */,
				A774D53616497695007BAB39 /* CXMLNode_PrivateExtensions.h */,
				A774D53716497695007BAB39 /* CXMLNode_PrivateExtensions.m */,
				A774D53816497695007BAB39 /* CXMLNode_XPathExtensions.h */,
				A774D53916497695007BAB39 /* CXMLNode_XPathExtensions.m */,
				A774D53A16497695007BAB39 /* Tidy */,
				A774D53D16497695007BAB39 /* TouchXML.h */,
			);
			name = TouchXML;
			path = TouchXML/Source;
			sourceTree = "<group>";
		};
		A774D52116497695007BAB39 /* Creation */ = {
			isa = PBXGroup;
			children = (
				A774D52216497695007BAB39 /* CXMLDocument_CreationExtensions.h */,
				A774D52316497695007BAB39 /* CXMLDocument_CreationExtensions.m */,
				A774D52416497695007BAB39 /* CXMLNode_CreationExtensions.h */,
				A774D52516497695007BAB39 /* CXMLNode_CreationExtensions.m */,
			);
			path = Creation;
			sourceTree = "<group>";
		};
		A774D53A16497695007BAB39 /* Tidy */ = {
			isa = PBXGroup;
			children = (
				A774D53B16497695007BAB39 /* CTidy.h */,
				A774D53C16497695007BAB39 /* CTidy.m */,
			);
			path = Tidy;
			sourceTree = "<group>";
		};
		A7B28C03164D3F91002F9A71 /* RenderingElements */ = {
			isa = PBXGroup;
			children = (
				A7B2ABC6164D7B76002F9A71 /* CSLIfElseCondition.h */,
				A7B2ABC7164D7B76002F9A71 /* CSLIfElseCondition.m */,
				A7B2ABB7164D5FD4002F9A71 /* CSLBibliographyOrCitation.h */,
				A7B2ABB8164D5FD4002F9A71 /* CSLBibliographyOrCitation.m */,
				A7B2ABA7164D4D77002F9A71 /* CSLLabel.h */,
				A7B2ABA8164D4D77002F9A71 /* CSLLabel.m */,
				A7B28C04164D3FB0002F9A71 /* CSLNames.h */,
				A7B28C05164D3FB0002F9A71 /* CSLNames.m */,
				A7B28C09164D4834002F9A71 /* CSLRenderingElement.h */,
				A7B28C0A164D4834002F9A71 /* CSLRenderingElement.m */,
				A7B2ABA2164D4D46002F9A71 /* CSLRenderingElementContainer.h */,
				A7B2ABA3164D4D46002F9A71 /* CSLRenderingElementContainer.m */,
				A7B2ABC1164D7B2C002F9A71 /* CSLChoose.h */,
				A7B2ABC2164D7B2C002F9A71 /* CSLChoose.m */,
				A7B2ABCB164D7BAF002F9A71 /* CSLGroup.h */,
				A7B2ABCC164D7BAF002F9A71 /* CSLGroup.m */,
				A7B2ABD0164D7BDF002F9A71 /* CSLDate.h */,
				A7B2ABD1164D7BDF002F9A71 /* CSLDate.m */,
				A7B2ABD5164D7C13002F9A71 /* CSLDatePart.h */,
				A7B2ABD6164D7C13002F9A71 /* CSLDatePart.m */,
				A7B2ABDA164D7C35002F9A71 /* CSLText.h */,
				A7B2ABDB164D7C35002F9A71 /* CSLText.m */,
				A7B2ABDF164D7E8B002F9A71 /* CSLNumber.h */,
				A7B2ABE0164D7E8C002F9A71 /* CSLNumber.m */,
				A7B2ABE4164D7EAF002F9A71 /* CSLMacro.h */,
				A7B2ABE5164D7EB0002F9A71 /* CSLMacro.m */,
			);
			name = RenderingElements;
			sourceTree = "<group>";
		};
		A7B2ABAC164D4F08002F9A71 /* Locale */ = {
			isa = PBXGroup;
			children = (
				A7B2ABAD164D4F29002F9A71 /* CSLLocaleTerm.h */,
				A7B2ABAE164D4F29002F9A71 /* CSLLocaleTerm.m */,
				A7B2ABB2164D4FA9002F9A71 /* CSLLocale.h */,
				A7B2ABB3164D4FA9002F9A71 /* CSLLocale.m */,
			);
			name = Locale;
			sourceTree = "<group>";
		};
		A7D5633B1602F88800324303 = {
			isa = PBXGroup;
			children = (
				A7D563D4160304DC00324303 /* CSLProcessor */,
				A7D563491602F88800324303 /* Frameworks */,
				A7D563471602F88800324303 /* Products */,
			);
			sourceTree = "<group>";
		};
		A7D563471602F88800324303 /* Products */ = {
			isa = PBXGroup;
			children = (
				A7D563CD160304DC00324303 /* CSLProcessorTest.app */,
				A736E693161ABAA8004E71AF /* libCSLProcessor.a */,
			);
			name = Products;
			sourceTree = "<group>";
		};
		A7D563491602F88800324303 /* Frameworks */ = {
			isa = PBXGroup;
			children = (
				A774D52016497695007BAB39 /* TouchXML */,
				A714DEA716130E420068DF9A /* GTMNSString+HTML.h */,
				A714DEA816130E420068DF9A /* GTMNSString+HTML.m */,
				A714DEA316130DB30068DF9A /* NSString+HTML.h */,
				A714DEA416130DB30068DF9A /* NSString+HTML.m */,
				A7D5642C16030D0900324303 /* libxml2.dylib */,
				A7D5637F1602FD7E00324303 /* SBJson */,
				A7D5634A1602F88800324303 /* Foundation.framework */,
				A7D563AE1603046700324303 /* Cocoa.framework */,
				A7D563D0160304DC00324303 /* Other Frameworks */,
			);
			name = Frameworks;
			sourceTree = "<group>";
		};
		A7D5637F1602FD7E00324303 /* SBJson */ = {
			isa = PBXGroup;
			children = (
				A7D563801602FD7E00324303 /* NSObject+SBJson.h */,
				A7D563811602FD7E00324303 /* NSObject+SBJson.m */,
				A7D563821602FD7E00324303 /* SBJson.h */,
				A7D563831602FD7E00324303 /* SBJsonParser.h */,
				A7D563841602FD7E00324303 /* SBJsonParser.m */,
				A7D563851602FD7E00324303 /* SBJsonStreamParser.h */,
				A7D563861602FD7E00324303 /* SBJsonStreamParser.m */,
				A7D563871602FD7E00324303 /* SBJsonStreamParserAccumulator.h */,
				A7D563881602FD7E00324303 /* SBJsonStreamParserAccumulator.m */,
				A7D563891602FD7E00324303 /* SBJsonStreamParserAdapter.h */,
				A7D5638A1602FD7E00324303 /* SBJsonStreamParserAdapter.m */,
				A7D5638B1602FD7E00324303 /* SBJsonStreamParserState.h */,
				A7D5638C1602FD7E00324303 /* SBJsonStreamParserState.m */,
				A7D5638D1602FD7E00324303 /* SBJsonStreamWriter.h */,
				A7D5638E1602FD7E00324303 /* SBJsonStreamWriter.m */,
				A7D5638F1602FD7E00324303 /* SBJsonStreamWriterAccumulator.h */,
				A7D563901602FD7E00324303 /* SBJsonStreamWriterAccumulator.m */,
				A7D563911602FD7E00324303 /* SBJsonStreamWriterState.h */,
				A7D563921602FD7E00324303 /* SBJsonStreamWriterState.m */,
				A7D563931602FD7E00324303 /* SBJsonTokeniser.h */,
				A7D563941602FD7E00324303 /* SBJsonTokeniser.m */,
				A7D563951602FD7E00324303 /* SBJsonUTF8Stream.h */,
				A7D563961602FD7E00324303 /* SBJsonUTF8Stream.m */,
				A7D563971602FD7E00324303 /* SBJsonWriter.h */,
				A7D563981602FD7E00324303 /* SBJsonWriter.m */,
			);
			name = SBJson;
			path = "json-framework/Classes";
			sourceTree = "<group>";
		};
		A7D563D0160304DC00324303 /* Other Frameworks */ = {
			isa = PBXGroup;
			children = (
				A7D563D1160304DC00324303 /* AppKit.framework */,
				A7D563D2160304DC00324303 /* CoreData.framework */,
				A7D563D3160304DC00324303 /* Foundation.framework */,
			);
			name = "Other Frameworks";
			sourceTree = "<group>";
		};
		A7D563D4160304DC00324303 /* CSLProcessor */ = {
			isa = PBXGroup;
			children = (
				A7B2ABAC164D4F08002F9A71 /* Locale */,
				A7B28C03164D3F91002F9A71 /* RenderingElements */,
				A7D563EF1603060400324303 /* CSLFormatter.h */,
				A7D563F01603060400324303 /* CSLFormatter.m */,
				A7D563D5160304DC00324303 /* Supporting Files */,
			);
			name = CSLProcessor;
			path = CSLParser;
			sourceTree = "<group>";
		};
		A7D563D5160304DC00324303 /* Supporting Files */ = {
			isa = PBXGroup;
			children = (
				A7A6A616161AD3E100C7DB72 /* CSLProcessor-Prefix.pch */,
				A7D2CCAF1605A4E8003AA307 /* typeMap.xml */,
				A7D5643A1603AFEA00324303 /* locales-en-US.xml */,
				A7D563ED160305DD00324303 /* apa.csl */,
				A7D563E91603059900324303 /* citations.txt */,
				A7D563EA1603059900324303 /* json.txt */,
				A7D563D6160304DC00324303 /* CSLProcessor-Info.plist */,
				A7D563DA160304DC00324303 /* main.m */,
			);
			name = "Supporting Files";
			sourceTree = "<group>";
		};
/* End PBXGroup section */

/* Begin PBXHeadersBuildPhase section */
		A7A6A60F161ACAC400C7DB72 /* Headers */ = {
			isa = PBXHeadersBuildPhase;
			buildActionMask = 2147483647;
			files = (
				A7A6A617161AD3E100C7DB72 /* CSLProcessor-Prefix.pch in Headers */,
				A7A6A610161ACACD00C7DB72 /* CSLFormatter.h in Headers */,
				A774D53E16497695007BAB39 /* CXMLDocument_CreationExtensions.h in Headers */,
				A774D54116497695007BAB39 /* CXMLNode_CreationExtensions.h in Headers */,
				A774D54416497695007BAB39 /* CXHTMLDocument.h in Headers */,
				A774D54716497695007BAB39 /* CXMLDocument.h in Headers */,
				A774D54A16497695007BAB39 /* CXMLDocument_PrivateExtensions.h in Headers */,
				A774D54D16497695007BAB39 /* CXMLElement.h in Headers */,
				A774D55016497695007BAB39 /* CXMLElement_CreationExtensions.h in Headers */,
				A774D55316497695007BAB39 /* CXMLElement_ElementTreeExtensions.h in Headers */,
				A774D55616497695007BAB39 /* CXMLNamespaceNode.h in Headers */,
				A774D55916497695007BAB39 /* CXMLNode.h in Headers */,
				A774D55C16497695007BAB39 /* CXMLNode_PrivateExtensions.h in Headers */,
				A774D55F16497695007BAB39 /* CXMLNode_XPathExtensions.h in Headers */,
				A774D56216497695007BAB39 /* CTidy.h in Headers */,
				A774D56516497695007BAB39 /* TouchXML.h in Headers */,
				A7B28C06164D3FB0002F9A71 /* CSLNames.h in Headers */,
				A7B28C0B164D4834002F9A71 /* CSLRenderingElement.h in Headers */,
				A7B2ABA4164D4D46002F9A71 /* CSLRenderingElementContainer.h in Headers */,
				A7B2ABA9164D4D78002F9A71 /* CSLLabel.h in Headers */,
				A7B2ABAF164D4F29002F9A71 /* CSLLocaleTerm.h in Headers */,
				A7B2ABB4164D4FA9002F9A71 /* CSLLocale.h in Headers */,
				A7B2ABB9164D5FD4002F9A71 /* CSLBibliographyOrCitation.h in Headers */,
				A7B2ABC3164D7B2C002F9A71 /* CSLChoose.h in Headers */,
				A7B2ABC8164D7B76002F9A71 /* CSLIfElseCondition.h in Headers */,
				A7B2ABCD164D7BB0002F9A71 /* CSLGroup.h in Headers */,
				A7B2ABD2164D7BDF002F9A71 /* CSLDate.h in Headers */,
				A7B2ABD7164D7C14002F9A71 /* CSLDatePart.h in Headers */,
				A7B2ABDC164D7C36002F9A71 /* CSLText.h in Headers */,
				A7B2ABE1164D7E8D002F9A71 /* CSLNumber.h in Headers */,
				A7B2ABE6164D7EB1002F9A71 /* CSLMacro.h in Headers */,
			);
			runOnlyForDeploymentPostprocessing = 0;
		};
/* End PBXHeadersBuildPhase section */

/* Begin PBXNativeTarget section */
		A736E692161ABAA8004E71AF /* CSLProcessor */ = {
			isa = PBXNativeTarget;
			buildConfigurationList = A736E69C161ABAA8004E71AF /* Build configuration list for PBXNativeTarget "CSLProcessor" */;
			buildPhases = (
				A736E68F161ABAA8004E71AF /* Sources */,
				A736E690161ABAA8004E71AF /* Frameworks */,
				A7A6A60F161ACAC400C7DB72 /* Headers */,
				A736E691161ABAA8004E71AF /* CopyFiles */,
			);
			buildRules = (
			);
			dependencies = (
			);
			name = CSLProcessor;
			productName = CSLProcessor;
			productReference = A736E693161ABAA8004E71AF /* libCSLProcessor.a */;
			productType = "com.apple.product-type.library.static";
		};
		A7D563CC160304DC00324303 /* CSLProcessorTest */ = {
			isa = PBXNativeTarget;
			buildConfigurationList = A7D563E6160304DC00324303 /* Build configuration list for PBXNativeTarget "CSLProcessorTest" */;
			buildPhases = (
				A7D563C9160304DC00324303 /* Sources */,
				A7D563CA160304DC00324303 /* Frameworks */,
				A7D563CB160304DC00324303 /* Resources */,
			);
			buildRules = (
			);
			dependencies = (
			);
			name = CSLProcessorTest;
			productName = CSLParser;
			productReference = A7D563CD160304DC00324303 /* CSLProcessorTest.app */;
			productType = "com.apple.product-type.application";
		};
/* End PBXNativeTarget section */

/* Begin PBXProject section */
		A7D5633D1602F88800324303 /* Project object */ = {
			isa = PBXProject;
			attributes = {
				LastUpgradeCheck = 0440;
				ORGANIZATIONNAME = "Rönkkö Mikko";
			};
			buildConfigurationList = A7D563401602F88800324303 /* Build configuration list for PBXProject "CSLProcessor" */;
			compatibilityVersion = "Xcode 3.2";
			developmentRegion = English;
			hasScannedForEncodings = 0;
			knownRegions = (
				en,
			);
			mainGroup = A7D5633B1602F88800324303;
			productRefGroup = A7D563471602F88800324303 /* Products */;
			projectDirPath = "";
			projectRoot = "";
			targets = (
				A7D563CC160304DC00324303 /* CSLProcessorTest */,
				A736E692161ABAA8004E71AF /* CSLProcessor */,
			);
		};
/* End PBXProject section */

/* Begin PBXResourcesBuildPhase section */
		A7D563CB160304DC00324303 /* Resources */ = {
			isa = PBXResourcesBuildPhase;
			buildActionMask = 2147483647;
			files = (
				A7D563EB1603059900324303 /* citations.txt in Resources */,
				A7D563EC1603059900324303 /* json.txt in Resources */,
				A7D563EE160305DD00324303 /* apa.csl in Resources */,
				A7D5643B1603AFEA00324303 /* locales-en-US.xml in Resources */,
				A7D2CCB01605A4E8003AA307 /* typeMap.xml in Resources */,
			);
			runOnlyForDeploymentPostprocessing = 0;
		};
/* End PBXResourcesBuildPhase section */

/* Begin PBXSourcesBuildPhase section */
		A736E68F161ABAA8004E71AF /* Sources */ = {
			isa = PBXSourcesBuildPhase;
			buildActionMask = 2147483647;
			files = (
				A7A6A602161ABF9600C7DB72 /* CSLFormatter.m in Sources */,
				A774D54016497695007BAB39 /* CXMLDocument_CreationExtensions.m in Sources */,
				A774D54316497695007BAB39 /* CXMLNode_CreationExtensions.m in Sources */,
				A774D54616497695007BAB39 /* CXHTMLDocument.m in Sources */,
				A774D54916497695007BAB39 /* CXMLDocument.m in Sources */,
				A774D54C16497695007BAB39 /* CXMLDocument_PrivateExtensions.m in Sources */,
				A774D54F16497695007BAB39 /* CXMLElement.m in Sources */,
				A774D55216497695007BAB39 /* CXMLElement_CreationExtensions.m in Sources */,
				A774D55516497695007BAB39 /* CXMLElement_ElementTreeExtensions.m in Sources */,
				A774D55816497695007BAB39 /* CXMLNamespaceNode.m in Sources */,
				A774D55B16497695007BAB39 /* CXMLNode.m in Sources */,
				A774D55E16497695007BAB39 /* CXMLNode_PrivateExtensions.m in Sources */,
				A774D56116497695007BAB39 /* CXMLNode_XPathExtensions.m in Sources */,
				A774D56416497695007BAB39 /* CTidy.m in Sources */,
				A7B28C08164D3FB0002F9A71 /* CSLNames.m in Sources */,
				A7B28C0D164D4834002F9A71 /* CSLRenderingElement.m in Sources */,
				A7B2ABA6164D4D46002F9A71 /* CSLRenderingElementContainer.m in Sources */,
				A7B2ABAB164D4D78002F9A71 /* CSLLabel.m in Sources */,
				A7B2ABB1164D4F29002F9A71 /* CSLLocaleTerm.m in Sources */,
				A7B2ABB6164D4FA9002F9A71 /* CSLLocale.m in Sources */,
				A7B2ABBB164D5FD4002F9A71 /* CSLBibliographyOrCitation.m in Sources */,
				A7B2ABC5164D7B2C002F9A71 /* CSLChoose.m in Sources */,
				A7B2ABCA164D7B76002F9A71 /* CSLIfElseCondition.m in Sources */,
				A7B2ABCF164D7BB0002F9A71 /* CSLGroup.m in Sources */,
				A7B2ABD4164D7BDF002F9A71 /* CSLDate.m in Sources */,
				A7B2ABD9164D7C14002F9A71 /* CSLDatePart.m in Sources */,
				A7B2ABDE164D7C36002F9A71 /* CSLText.m in Sources */,
				A7B2ABE3164D7E8D002F9A71 /* CSLNumber.m in Sources */,
				A7B2ABE8164D7EB1002F9A71 /* CSLMacro.m in Sources */,
			);
			runOnlyForDeploymentPostprocessing = 0;
		};
		A7D563C9160304DC00324303 /* Sources */ = {
			isa = PBXSourcesBuildPhase;
			buildActionMask = 2147483647;
			files = (
				A774D51D1649748F007BAB39 /* main.m in Sources */,
				A7D563F11603060400324303 /* CSLFormatter.m in Sources */,
				A7D5642E16034CE200324303 /* NSObject+SBJson.m in Sources */,
				A7D5642F16034CE200324303 /* SBJsonParser.m in Sources */,
				A7D5643016034CE200324303 /* SBJsonStreamParser.m in Sources */,
				A7D5643116034CE200324303 /* SBJsonStreamParserAccumulator.m in Sources */,
				A7D5643216034CE200324303 /* SBJsonStreamParserAdapter.m in Sources */,
				A7D5643316034CE200324303 /* SBJsonStreamParserState.m in Sources */,
				A7D5643416034CE200324303 /* SBJsonStreamWriter.m in Sources */,
				A7D5643516034CE200324303 /* SBJsonStreamWriterAccumulator.m in Sources */,
				A7D5643616034CE200324303 /* SBJsonStreamWriterState.m in Sources */,
				A7D5643716034CE200324303 /* SBJsonTokeniser.m in Sources */,
				A7D5643816034CE200324303 /* SBJsonUTF8Stream.m in Sources */,
				A7D5643916034CE200324303 /* SBJsonWriter.m in Sources */,
				A714DEA516130DB30068DF9A /* NSString+HTML.m in Sources */,
				A714DEA916130E420068DF9A /* GTMNSString+HTML.m in Sources */,
				A774D53F16497695007BAB39 /* CXMLDocument_CreationExtensions.m in Sources */,
				A774D54216497695007BAB39 /* CXMLNode_CreationExtensions.m in Sources */,
				A774D54516497695007BAB39 /* CXHTMLDocument.m in Sources */,
				A774D54816497695007BAB39 /* CXMLDocument.m in Sources */,
				A774D54B16497695007BAB39 /* CXMLDocument_PrivateExtensions.m in Sources */,
				A774D54E16497695007BAB39 /* CXMLElement.m in Sources */,
				A774D55116497695007BAB39 /* CXMLElement_CreationExtensions.m in Sources */,
				A774D55416497695007BAB39 /* CXMLElement_ElementTreeExtensions.m in Sources */,
				A774D55716497695007BAB39 /* CXMLNamespaceNode.m in Sources */,
				A774D55A16497695007BAB39 /* CXMLNode.m in Sources */,
				A774D55D16497695007BAB39 /* CXMLNode_PrivateExtensions.m in Sources */,
				A774D56016497695007BAB39 /* CXMLNode_XPathExtensions.m in Sources */,
				A774D56316497695007BAB39 /* CTidy.m in Sources */,
				A7B28C07164D3FB0002F9A71 /* CSLNames.m in Sources */,
				A7B28C0C164D4834002F9A71 /* CSLRenderingElement.m in Sources */,
				A7B2ABA5164D4D46002F9A71 /* CSLRenderingElementContainer.m in Sources */,
				A7B2ABAA164D4D78002F9A71 /* CSLLabel.m in Sources */,
				A7B2ABB0164D4F29002F9A71 /* CSLLocaleTerm.m in Sources */,
				A7B2ABB5164D4FA9002F9A71 /* CSLLocale.m in Sources */,
				A7B2ABBA164D5FD4002F9A71 /* CSLBibliographyOrCitation.m in Sources */,
				A7B2ABC4164D7B2C002F9A71 /* CSLChoose.m in Sources */,
				A7B2ABC9164D7B76002F9A71 /* CSLIfElseCondition.m in Sources */,
				A7B2ABCE164D7BB0002F9A71 /* CSLGroup.m in Sources */,
				A7B2ABD3164D7BDF002F9A71 /* CSLDate.m in Sources */,
				A7B2ABD8164D7C14002F9A71 /* CSLDatePart.m in Sources */,
				A7B2ABDD164D7C36002F9A71 /* CSLText.m in Sources */,
				A7B2ABE2164D7E8D002F9A71 /* CSLNumber.m in Sources */,
				A7B2ABE7164D7EB1002F9A71 /* CSLMacro.m in Sources */,
			);
			runOnlyForDeploymentPostprocessing = 0;
		};
/* End PBXSourcesBuildPhase section */

/* Begin XCBuildConfiguration section */
		A736E69D161ABAA8004E71AF /* Debug */ = {
			isa = XCBuildConfiguration;
			buildSettings = {
				ARCHS = "$(ARCHS_STANDARD_32_BIT)";
				CLANG_CXX_LIBRARY = "libc++";
				CLANG_WARN_EMPTY_BODY = YES;
				DSTROOT = /tmp/CSLProcessor.dst;
				GCC_PRECOMPILE_PREFIX_HEADER = YES;
				GCC_PREFIX_HEADER = "CSLProcessor/CSLProcessor-Prefix.pch";
				IPHONEOS_DEPLOYMENT_TARGET = 6.0;
				ONLY_ACTIVE_ARCH = NO;
				OTHER_LDFLAGS = "-ObjC";
				PRODUCT_NAME = "$(TARGET_NAME)";
				SDKROOT = iphoneos;
				SKIP_INSTALL = YES;
			};
			name = Debug;
		};
		A736E69E161ABAA8004E71AF /* Release */ = {
			isa = XCBuildConfiguration;
			buildSettings = {
				ARCHS = "$(ARCHS_STANDARD_32_BIT)";
				CLANG_CXX_LIBRARY = "libc++";
				CLANG_WARN_EMPTY_BODY = YES;
				DSTROOT = /tmp/CSLProcessor.dst;
				GCC_PRECOMPILE_PREFIX_HEADER = YES;
				GCC_PREFIX_HEADER = "CSLProcessor/CSLProcessor-Prefix.pch";
				IPHONEOS_DEPLOYMENT_TARGET = 6.0;
				OTHER_LDFLAGS = "-ObjC";
				PRODUCT_NAME = "$(TARGET_NAME)";
				SDKROOT = iphoneos;
				SKIP_INSTALL = YES;
				VALIDATE_PRODUCT = YES;
			};
			name = Release;
		};
		A7D563531602F88800324303 /* Debug */ = {
			isa = XCBuildConfiguration;
			buildSettings = {
				ALWAYS_SEARCH_USER_PATHS = NO;
				ARCHS = "$(ARCHS_STANDARD_64_BIT)";
				CLANG_CXX_LANGUAGE_STANDARD = "gnu++0x";
				CLANG_ENABLE_OBJC_ARC = YES;
				CLANG_WARN__DUPLICATE_METHOD_MATCH = YES;
				COPY_PHASE_STRIP = NO;
				GCC_C_LANGUAGE_STANDARD = gnu99;
				GCC_DYNAMIC_NO_PIC = NO;
				GCC_ENABLE_OBJC_EXCEPTIONS = YES;
				GCC_OPTIMIZATION_LEVEL = 0;
				GCC_PREPROCESSOR_DEFINITIONS = (
					"DEBUG=1",
					"$(inherited)",
				);
				GCC_SYMBOLS_PRIVATE_EXTERN = NO;
				GCC_WARN_64_TO_32_BIT_CONVERSION = YES;
				GCC_WARN_ABOUT_RETURN_TYPE = YES;
				GCC_WARN_UNINITIALIZED_AUTOS = YES;
				GCC_WARN_UNUSED_VARIABLE = YES;
				HEADER_SEARCH_PATHS = "$(SDKROOT)/usr/include/libxml2";
				IPHONEOS_DEPLOYMENT_TARGET = 5.0;
				MACOSX_DEPLOYMENT_TARGET = 10.7;
				ONLY_ACTIVE_ARCH = YES;
				OTHER_LDFLAGS = "-lxml2";
				SDKROOT = macosx;
			};
			name = Debug;
		};
		A7D563541602F88800324303 /* Release */ = {
			isa = XCBuildConfiguration;
			buildSettings = {
				ALWAYS_SEARCH_USER_PATHS = NO;
				ARCHS = "$(ARCHS_STANDARD_64_BIT)";
				CLANG_CXX_LANGUAGE_STANDARD = "gnu++0x";
				CLANG_ENABLE_OBJC_ARC = YES;
				CLANG_WARN__DUPLICATE_METHOD_MATCH = YES;
				COPY_PHASE_STRIP = YES;
				DEBUG_INFORMATION_FORMAT = "dwarf-with-dsym";
				GCC_C_LANGUAGE_STANDARD = gnu99;
				GCC_ENABLE_OBJC_EXCEPTIONS = YES;
				GCC_WARN_64_TO_32_BIT_CONVERSION = YES;
				GCC_WARN_ABOUT_RETURN_TYPE = YES;
				GCC_WARN_UNINITIALIZED_AUTOS = YES;
				GCC_WARN_UNUSED_VARIABLE = YES;
				HEADER_SEARCH_PATHS = "$(SDKROOT)/usr/include/libxml2";
				IPHONEOS_DEPLOYMENT_TARGET = 5.0;
				MACOSX_DEPLOYMENT_TARGET = 10.7;
				OTHER_LDFLAGS = "-lxml2";
				SDKROOT = macosx;
			};
			name = Release;
		};
		A7D563E7160304DC00324303 /* Debug */ = {
			isa = XCBuildConfiguration;
			buildSettings = {
				COMBINE_HIDPI_IMAGES = YES;
				GCC_PRECOMPILE_PREFIX_HEADER = YES;
				GCC_PREFIX_HEADER = "CSLProcessor/CSLProcessor-Prefix.pch";
				INFOPLIST_FILE = "CSLProcessor/CSLProcessor-Info.plist";
				PRODUCT_NAME = CSLProcessorTest;
				WRAPPER_EXTENSION = app;
			};
			name = Debug;
		};
		A7D563E8160304DC00324303 /* Release */ = {
			isa = XCBuildConfiguration;
			buildSettings = {
				COMBINE_HIDPI_IMAGES = YES;
				GCC_PRECOMPILE_PREFIX_HEADER = YES;
				GCC_PREFIX_HEADER = "CSLProcessor/CSLProcessor-Prefix.pch";
				INFOPLIST_FILE = "CSLProcessor/CSLProcessor-Info.plist";
				PRODUCT_NAME = CSLProcessorTest;
				WRAPPER_EXTENSION = app;
			};
			name = Release;
		};
/* End XCBuildConfiguration section */

/* Begin XCConfigurationList section */
		A736E69C161ABAA8004E71AF /* Build configuration list for PBXNativeTarget "CSLProcessor" */ = {
			isa = XCConfigurationList;
			buildConfigurations = (
				A736E69D161ABAA8004E71AF /* Debug */,
				A736E69E161ABAA8004E71AF /* Release */,
			);
			defaultConfigurationIsVisible = 0;
			defaultConfigurationName = Release;
		};
		A7D563401602F88800324303 /* Build configuration list for PBXProject "CSLProcessor" */ = {
			isa = XCConfigurationList;
			buildConfigurations = (
				A7D563531602F88800324303 /* Debug */,
				A7D563541602F88800324303 /* Release */,
			);
			defaultConfigurationIsVisible = 0;
			defaultConfigurationName = Release;
		};
		A7D563E6160304DC00324303 /* Build configuration list for PBXNativeTarget "CSLProcessorTest" */ = {
			isa = XCConfigurationList;
			buildConfigurations = (
				A7D563E7160304DC00324303 /* Debug */,
				A7D563E8160304DC00324303 /* Release */,
			);
			defaultConfigurationIsVisible = 0;
			defaultConfigurationName = Release;
		};
/* End XCConfigurationList section */
	};
	rootObject = A7D5633D1602F88800324303 /* Project object */;
}
