// !$*UTF8*$!
{
	archiveVersion = 1;
	classes = {
	};
	objectVersion = 46;
	objects = {

/* Begin PBXBuildFile section */
		A714DEA516130DB30068DF9A /* NSString+HTML.m in Sources */ = {isa = PBXBuildFile; fileRef = A714DEA416130DB30068DF9A /* NSString+HTML.m */; settings = {COMPILER_FLAGS = "-fno-objc-arc"; }; };
		A714DEA916130E420068DF9A /* GTMNSString+HTML.m in Sources */ = {isa = PBXBuildFile; fileRef = A714DEA816130E420068DF9A /* GTMNSString+HTML.m */; settings = {COMPILER_FLAGS = "-fno-objc-arc"; }; };
		A736E694161ABAA8004E71AF /* Foundation.framework in Frameworks */ = {isa = PBXBuildFile; fileRef = A7D5634A1602F88800324303 /* Foundation.framework */; };
		A736E699161ABAA8004E71AF /* CSLProcessor.h in CopyFiles */ = {isa = PBXBuildFile; fileRef = A736E698161ABAA8004E71AF /* CSLProcessor.h */; };
		A736E69B161ABAA8004E71AF /* CSLProcessor.m in Sources */ = {isa = PBXBuildFile; fileRef = A736E69A161ABAA8004E71AF /* CSLProcessor.m */; };
		A7D2CCB01605A4E8003AA307 /* typeMap.xml in Resources */ = {isa = PBXBuildFile; fileRef = A7D2CCAF1605A4E8003AA307 /* typeMap.xml */; };
		A7D563CF160304DC00324303 /* Cocoa.framework in Frameworks */ = {isa = PBXBuildFile; fileRef = A7D563AE1603046700324303 /* Cocoa.framework */; };
		A7D563D9160304DC00324303 /* InfoPlist.strings in Resources */ = {isa = PBXBuildFile; fileRef = A7D563D7160304DC00324303 /* InfoPlist.strings */; };
		A7D563DB160304DC00324303 /* main.m in Sources */ = {isa = PBXBuildFile; fileRef = A7D563DA160304DC00324303 /* main.m */; };
		A7D563DF160304DC00324303 /* Credits.rtf in Resources */ = {isa = PBXBuildFile; fileRef = A7D563DD160304DC00324303 /* Credits.rtf */; };
		A7D563EB1603059900324303 /* citations.txt in Resources */ = {isa = PBXBuildFile; fileRef = A7D563E91603059900324303 /* citations.txt */; };
		A7D563EC1603059900324303 /* json.txt in Resources */ = {isa = PBXBuildFile; fileRef = A7D563EA1603059900324303 /* json.txt */; };
		A7D563EE160305DD00324303 /* apa.csl in Resources */ = {isa = PBXBuildFile; fileRef = A7D563ED160305DD00324303 /* apa.csl */; };
		A7D563F11603060400324303 /* CSLFormatter.m in Sources */ = {isa = PBXBuildFile; fileRef = A7D563F01603060400324303 /* CSLFormatter.m */; };
		A7D5641F16030C8F00324303 /* CXMLDocument_CreationExtensions.m in Sources */ = {isa = PBXBuildFile; fileRef = A7D5640416030C8F00324303 /* CXMLDocument_CreationExtensions.m */; };
		A7D5642016030C8F00324303 /* CXMLNode_CreationExtensions.m in Sources */ = {isa = PBXBuildFile; fileRef = A7D5640616030C8F00324303 /* CXMLNode_CreationExtensions.m */; };
		A7D5642116030C8F00324303 /* CXHTMLDocument.m in Sources */ = {isa = PBXBuildFile; fileRef = A7D5640816030C8F00324303 /* CXHTMLDocument.m */; };
		A7D5642216030C8F00324303 /* CXMLDocument.m in Sources */ = {isa = PBXBuildFile; fileRef = A7D5640A16030C8F00324303 /* CXMLDocument.m */; };
		A7D5642316030C8F00324303 /* CXMLDocument_PrivateExtensions.m in Sources */ = {isa = PBXBuildFile; fileRef = A7D5640C16030C8F00324303 /* CXMLDocument_PrivateExtensions.m */; };
		A7D5642416030C8F00324303 /* CXMLElement.m in Sources */ = {isa = PBXBuildFile; fileRef = A7D5640E16030C8F00324303 /* CXMLElement.m */; };
		A7D5642516030C8F00324303 /* CXMLElement_CreationExtensions.m in Sources */ = {isa = PBXBuildFile; fileRef = A7D5641016030C8F00324303 /* CXMLElement_CreationExtensions.m */; };
		A7D5642616030C8F00324303 /* CXMLElement_ElementTreeExtensions.m in Sources */ = {isa = PBXBuildFile; fileRef = A7D5641216030C8F00324303 /* CXMLElement_ElementTreeExtensions.m */; };
		A7D5642716030C8F00324303 /* CXMLNamespaceNode.m in Sources */ = {isa = PBXBuildFile; fileRef = A7D5641416030C8F00324303 /* CXMLNamespaceNode.m */; };
		A7D5642816030C8F00324303 /* CXMLNode.m in Sources */ = {isa = PBXBuildFile; fileRef = A7D5641616030C8F00324303 /* CXMLNode.m */; };
		A7D5642916030C8F00324303 /* CXMLNode_PrivateExtensions.m in Sources */ = {isa = PBXBuildFile; fileRef = A7D5641816030C8F00324303 /* CXMLNode_PrivateExtensions.m */; };
		A7D5642A16030C8F00324303 /* CXMLNode_XPathExtensions.m in Sources */ = {isa = PBXBuildFile; fileRef = A7D5641A16030C8F00324303 /* CXMLNode_XPathExtensions.m */; };
		A7D5642B16030C8F00324303 /* CTidy.m in Sources */ = {isa = PBXBuildFile; fileRef = A7D5641D16030C8F00324303 /* CTidy.m */; };
		A7D5642D16030D0900324303 /* libxml2.dylib in Frameworks */ = {isa = PBXBuildFile; fileRef = A7D5642C16030D0900324303 /* libxml2.dylib */; };
		A7D5642E16034CE200324303 /* NSObject+SBJson.m in Sources */ = {isa = PBXBuildFile; fileRef = A7D563811602FD7E00324303 /* NSObject+SBJson.m */; };
		A7D5642F16034CE200324303 /* SBJsonParser.m in Sources */ = {isa = PBXBuildFile; fileRef = A7D563841602FD7E00324303 /* SBJsonParser.m */; };
		A7D5643016034CE200324303 /* SBJsonStreamParser.m in Sources */ = {isa = PBXBuildFile; fileRef = A7D563861602FD7E00324303 /* SBJsonStreamParser.m */; };
		A7D5643116034CE200324303 /* SBJsonStreamParserAccumulator.m in Sources */ = {isa = PBXBuildFile; fileRef = A7D563881602FD7E00324303 /* SBJsonStreamParserAccumulator.m */; };
		A7D5643216034CE200324303 /* SBJsonStreamParserAdapter.m in Sources */ = {isa = PBXBuildFile; fileRef = A7D5638A1602FD7E00324303 /* SBJsonStreamParserAdapter.m */; };
		A7D5643316034CE200324303 /* SBJsonStreamParserState.m in Sources */ = {isa = PBXBuildFile; fileRef = A7D5638C1602FD7E00324303 /* SBJsonStreamParserState.m */; };
		A7D5643416034CE200324303 /* SBJsonStreamWriter.m in Sources */ = {isa = PBXBuildFile; fileRef = A7D5638E1602FD7E00324303 /* SBJsonStreamWriter.m */; };
		A7D5643516034CE200324303 /* SBJsonStreamWriterAccumulator.m in Sources */ = {isa = PBXBuildFile; fileRef = A7D563901602FD7E00324303 /* SBJsonStreamWriterAccumulator.m */; };
		A7D5643616034CE200324303 /* SBJsonStreamWriterState.m in Sources */ = {isa = PBXBuildFile; fileRef = A7D563921602FD7E00324303 /* SBJsonStreamWriterState.m */; };
		A7D5643716034CE200324303 /* SBJsonTokeniser.m in Sources */ = {isa = PBXBuildFile; fileRef = A7D563941602FD7E00324303 /* SBJsonTokeniser.m */; };
		A7D5643816034CE200324303 /* SBJsonUTF8Stream.m in Sources */ = {isa = PBXBuildFile; fileRef = A7D563961602FD7E00324303 /* SBJsonUTF8Stream.m */; };
		A7D5643916034CE200324303 /* SBJsonWriter.m in Sources */ = {isa = PBXBuildFile; fileRef = A7D563981602FD7E00324303 /* SBJsonWriter.m */; };
		A7D5643B1603AFEA00324303 /* locales-en-US.xml in Resources */ = {isa = PBXBuildFile; fileRef = A7D5643A1603AFEA00324303 /* locales-en-US.xml */; };
/* End PBXBuildFile section */

/* Begin PBXCopyFilesBuildPhase section */
		A736E691161ABAA8004E71AF /* CopyFiles */ = {
			isa = PBXCopyFilesBuildPhase;
			buildActionMask = 2147483647;
			dstPath = "include/${PRODUCT_NAME}";
			dstSubfolderSpec = 16;
			files = (
				A736E699161ABAA8004E71AF /* CSLProcessor.h in CopyFiles */,
			);
			runOnlyForDeploymentPostprocessing = 0;
		};
/* End PBXCopyFilesBuildPhase section */

/* Begin PBXFileReference section */
		A714DEA316130DB30068DF9A /* NSString+HTML.h */ = {isa = PBXFileReference; fileEncoding = 4; lastKnownFileType = sourcecode.c.h; name = "NSString+HTML.h"; path = "MWFeedParser/Classes/NSString+HTML.h"; sourceTree = "<group>"; };
		A714DEA416130DB30068DF9A /* NSString+HTML.m */ = {isa = PBXFileReference; fileEncoding = 4; lastKnownFileType = sourcecode.c.objc; name = "NSString+HTML.m"; path = "MWFeedParser/Classes/NSString+HTML.m"; sourceTree = "<group>"; };
		A714DEA716130E420068DF9A /* GTMNSString+HTML.h */ = {isa = PBXFileReference; fileEncoding = 4; lastKnownFileType = sourcecode.c.h; name = "GTMNSString+HTML.h"; path = "MWFeedParser/Classes/GTMNSString+HTML.h"; sourceTree = "<group>"; };
		A714DEA816130E420068DF9A /* GTMNSString+HTML.m */ = {isa = PBXFileReference; fileEncoding = 4; lastKnownFileType = sourcecode.c.objc; name = "GTMNSString+HTML.m"; path = "MWFeedParser/Classes/GTMNSString+HTML.m"; sourceTree = "<group>"; };
		A736E687161AB930004E71AF /* CSLFormatter-Prefix.pch */ = {isa = PBXFileReference; lastKnownFileType = sourcecode.c.h; path = "CSLFormatter-Prefix.pch"; sourceTree = "<group>"; };
		A736E688161AB930004E71AF /* CSLFormatter.h */ = {isa = PBXFileReference; lastKnownFileType = sourcecode.c.h; path = CSLFormatter.h; sourceTree = "<group>"; };
		A736E68A161AB930004E71AF /* CSLFormatter.m */ = {isa = PBXFileReference; lastKnownFileType = sourcecode.c.objc; path = CSLFormatter.m; sourceTree = "<group>"; };
		A736E693161ABAA8004E71AF /* libCSLProcessor.a */ = {isa = PBXFileReference; explicitFileType = archive.ar; includeInIndex = 0; path = libCSLProcessor.a; sourceTree = BUILT_PRODUCTS_DIR; };
		A736E697161ABAA8004E71AF /* CSLProcessor-Prefix.pch */ = {isa = PBXFileReference; lastKnownFileType = sourcecode.c.h; path = "CSLProcessor-Prefix.pch"; sourceTree = "<group>"; };
		A736E698161ABAA8004E71AF /* CSLProcessor.h */ = {isa = PBXFileReference; lastKnownFileType = sourcecode.c.h; path = CSLProcessor.h; sourceTree = "<group>"; };
		A736E69A161ABAA8004E71AF /* CSLProcessor.m */ = {isa = PBXFileReference; lastKnownFileType = sourcecode.c.objc; path = CSLProcessor.m; sourceTree = "<group>"; };
		A7D2CCAF1605A4E8003AA307 /* typeMap.xml */ = {isa = PBXFileReference; fileEncoding = 4; lastKnownFileType = text.xml; name = typeMap.xml; path = z2csl/typeMap.xml; sourceTree = SOURCE_ROOT; };
		A7D5634A1602F88800324303 /* Foundation.framework */ = {isa = PBXFileReference; lastKnownFileType = wrapper.framework; name = Foundation.framework; path = System/Library/Frameworks/Foundation.framework; sourceTree = SDKROOT; };
		A7D563801602FD7E00324303 /* NSObject+SBJson.h */ = {isa = PBXFileReference; fileEncoding = 4; lastKnownFileType = sourcecode.c.h; path = "NSObject+SBJson.h"; sourceTree = "<group>"; };
		A7D563811602FD7E00324303 /* NSObject+SBJson.m */ = {isa = PBXFileReference; fileEncoding = 4; lastKnownFileType = sourcecode.c.objc; path = "NSObject+SBJson.m"; sourceTree = "<group>"; };
		A7D563821602FD7E00324303 /* SBJson.h */ = {isa = PBXFileReference; fileEncoding = 4; lastKnownFileType = sourcecode.c.h; path = SBJson.h; sourceTree = "<group>"; };
		A7D563831602FD7E00324303 /* SBJsonParser.h */ = {isa = PBXFileReference; fileEncoding = 4; lastKnownFileType = sourcecode.c.h; path = SBJsonParser.h; sourceTree = "<group>"; };
		A7D563841602FD7E00324303 /* SBJsonParser.m */ = {isa = PBXFileReference; fileEncoding = 4; lastKnownFileType = sourcecode.c.objc; path = SBJsonParser.m; sourceTree = "<group>"; };
		A7D563851602FD7E00324303 /* SBJsonStreamParser.h */ = {isa = PBXFileReference; fileEncoding = 4; lastKnownFileType = sourcecode.c.h; path = SBJsonStreamParser.h; sourceTree = "<group>"; };
		A7D563861602FD7E00324303 /* SBJsonStreamParser.m */ = {isa = PBXFileReference; fileEncoding = 4; lastKnownFileType = sourcecode.c.objc; path = SBJsonStreamParser.m; sourceTree = "<group>"; };
		A7D563871602FD7E00324303 /* SBJsonStreamParserAccumulator.h */ = {isa = PBXFileReference; fileEncoding = 4; lastKnownFileType = sourcecode.c.h; path = SBJsonStreamParserAccumulator.h; sourceTree = "<group>"; };
		A7D563881602FD7E00324303 /* SBJsonStreamParserAccumulator.m */ = {isa = PBXFileReference; fileEncoding = 4; lastKnownFileType = sourcecode.c.objc; path = SBJsonStreamParserAccumulator.m; sourceTree = "<group>"; };
		A7D563891602FD7E00324303 /* SBJsonStreamParserAdapter.h */ = {isa = PBXFileReference; fileEncoding = 4; lastKnownFileType = sourcecode.c.h; path = SBJsonStreamParserAdapter.h; sourceTree = "<group>"; };
		A7D5638A1602FD7E00324303 /* SBJsonStreamParserAdapter.m */ = {isa = PBXFileReference; fileEncoding = 4; lastKnownFileType = sourcecode.c.objc; path = SBJsonStreamParserAdapter.m; sourceTree = "<group>"; };
		A7D5638B1602FD7E00324303 /* SBJsonStreamParserState.h */ = {isa = PBXFileReference; fileEncoding = 4; lastKnownFileType = sourcecode.c.h; path = SBJsonStreamParserState.h; sourceTree = "<group>"; };
		A7D5638C1602FD7E00324303 /* SBJsonStreamParserState.m */ = {isa = PBXFileReference; fileEncoding = 4; lastKnownFileType = sourcecode.c.objc; path = SBJsonStreamParserState.m; sourceTree = "<group>"; };
		A7D5638D1602FD7E00324303 /* SBJsonStreamWriter.h */ = {isa = PBXFileReference; fileEncoding = 4; lastKnownFileType = sourcecode.c.h; path = SBJsonStreamWriter.h; sourceTree = "<group>"; };
		A7D5638E1602FD7E00324303 /* SBJsonStreamWriter.m */ = {isa = PBXFileReference; fileEncoding = 4; lastKnownFileType = sourcecode.c.objc; path = SBJsonStreamWriter.m; sourceTree = "<group>"; };
		A7D5638F1602FD7E00324303 /* SBJsonStreamWriterAccumulator.h */ = {isa = PBXFileReference; fileEncoding = 4; lastKnownFileType = sourcecode.c.h; path = SBJsonStreamWriterAccumulator.h; sourceTree = "<group>"; };
		A7D563901602FD7E00324303 /* SBJsonStreamWriterAccumulator.m */ = {isa = PBXFileReference; fileEncoding = 4; lastKnownFileType = sourcecode.c.objc; path = SBJsonStreamWriterAccumulator.m; sourceTree = "<group>"; };
		A7D563911602FD7E00324303 /* SBJsonStreamWriterState.h */ = {isa = PBXFileReference; fileEncoding = 4; lastKnownFileType = sourcecode.c.h; path = SBJsonStreamWriterState.h; sourceTree = "<group>"; };
		A7D563921602FD7E00324303 /* SBJsonStreamWriterState.m */ = {isa = PBXFileReference; fileEncoding = 4; lastKnownFileType = sourcecode.c.objc; path = SBJsonStreamWriterState.m; sourceTree = "<group>"; };
		A7D563931602FD7E00324303 /* SBJsonTokeniser.h */ = {isa = PBXFileReference; fileEncoding = 4; lastKnownFileType = sourcecode.c.h; path = SBJsonTokeniser.h; sourceTree = "<group>"; };
		A7D563941602FD7E00324303 /* SBJsonTokeniser.m */ = {isa = PBXFileReference; fileEncoding = 4; lastKnownFileType = sourcecode.c.objc; path = SBJsonTokeniser.m; sourceTree = "<group>"; };
		A7D563951602FD7E00324303 /* SBJsonUTF8Stream.h */ = {isa = PBXFileReference; fileEncoding = 4; lastKnownFileType = sourcecode.c.h; path = SBJsonUTF8Stream.h; sourceTree = "<group>"; };
		A7D563961602FD7E00324303 /* SBJsonUTF8Stream.m */ = {isa = PBXFileReference; fileEncoding = 4; lastKnownFileType = sourcecode.c.objc; path = SBJsonUTF8Stream.m; sourceTree = "<group>"; };
		A7D563971602FD7E00324303 /* SBJsonWriter.h */ = {isa = PBXFileReference; fileEncoding = 4; lastKnownFileType = sourcecode.c.h; path = SBJsonWriter.h; sourceTree = "<group>"; };
		A7D563981602FD7E00324303 /* SBJsonWriter.m */ = {isa = PBXFileReference; fileEncoding = 4; lastKnownFileType = sourcecode.c.objc; path = SBJsonWriter.m; sourceTree = "<group>"; };
		A7D563AE1603046700324303 /* Cocoa.framework */ = {isa = PBXFileReference; lastKnownFileType = wrapper.framework; name = Cocoa.framework; path = System/Library/Frameworks/Cocoa.framework; sourceTree = SDKROOT; };
		A7D563CD160304DC00324303 /* CSLProcessorTest.app */ = {isa = PBXFileReference; explicitFileType = wrapper.application; includeInIndex = 0; path = CSLProcessorTest.app; sourceTree = BUILT_PRODUCTS_DIR; };
		A7D563D1160304DC00324303 /* AppKit.framework */ = {isa = PBXFileReference; lastKnownFileType = wrapper.framework; name = AppKit.framework; path = System/Library/Frameworks/AppKit.framework; sourceTree = SDKROOT; };
		A7D563D2160304DC00324303 /* CoreData.framework */ = {isa = PBXFileReference; lastKnownFileType = wrapper.framework; name = CoreData.framework; path = System/Library/Frameworks/CoreData.framework; sourceTree = SDKROOT; };
		A7D563D3160304DC00324303 /* Foundation.framework */ = {isa = PBXFileReference; lastKnownFileType = wrapper.framework; name = Foundation.framework; path = System/Library/Frameworks/Foundation.framework; sourceTree = SDKROOT; };
		A7D563D6160304DC00324303 /* CSLProcessor-Info.plist */ = {isa = PBXFileReference; lastKnownFileType = text.plist.xml; path = "CSLProcessor-Info.plist"; sourceTree = "<group>"; };
		A7D563D8160304DC00324303 /* en */ = {isa = PBXFileReference; lastKnownFileType = text.plist.strings; name = en; path = en.lproj/InfoPlist.strings; sourceTree = "<group>"; };
		A7D563DA160304DC00324303 /* main.m */ = {isa = PBXFileReference; lastKnownFileType = sourcecode.c.objc; path = main.m; sourceTree = "<group>"; };
		A7D563DC160304DC00324303 /* CSLProcessor-Prefix.pch */ = {isa = PBXFileReference; lastKnownFileType = sourcecode.c.h; path = "CSLProcessor-Prefix.pch"; sourceTree = "<group>"; };
		A7D563DE160304DC00324303 /* en */ = {isa = PBXFileReference; lastKnownFileType = text.rtf; name = en; path = en.lproj/Credits.rtf; sourceTree = "<group>"; };
		A7D563E91603059900324303 /* citations.txt */ = {isa = PBXFileReference; fileEncoding = 4; lastKnownFileType = text; path = citations.txt; sourceTree = "<group>"; };
		A7D563EA1603059900324303 /* json.txt */ = {isa = PBXFileReference; fileEncoding = 4; lastKnownFileType = text; path = json.txt; sourceTree = "<group>"; };
		A7D563ED160305DD00324303 /* apa.csl */ = {isa = PBXFileReference; fileEncoding = 4; lastKnownFileType = text.xml; name = apa.csl; path = styles/apa.csl; sourceTree = SOURCE_ROOT; };
		A7D563EF1603060400324303 /* CSLFormatter.h */ = {isa = PBXFileReference; fileEncoding = 4; lastKnownFileType = sourcecode.c.h; path = CSLFormatter.h; sourceTree = "<group>"; };
		A7D563F01603060400324303 /* CSLFormatter.m */ = {isa = PBXFileReference; fileEncoding = 4; lastKnownFileType = sourcecode.c.objc; path = CSLFormatter.m; sourceTree = "<group>"; };
		A7D5640316030C8F00324303 /* CXMLDocument_CreationExtensions.h */ = {isa = PBXFileReference; fileEncoding = 4; lastKnownFileType = sourcecode.c.h; path = CXMLDocument_CreationExtensions.h; sourceTree = "<group>"; };
		A7D5640416030C8F00324303 /* CXMLDocument_CreationExtensions.m */ = {isa = PBXFileReference; fileEncoding = 4; lastKnownFileType = sourcecode.c.objc; path = CXMLDocument_CreationExtensions.m; sourceTree = "<group>"; };
		A7D5640516030C8F00324303 /* CXMLNode_CreationExtensions.h */ = {isa = PBXFileReference; fileEncoding = 4; lastKnownFileType = sourcecode.c.h; path = CXMLNode_CreationExtensions.h; sourceTree = "<group>"; };
		A7D5640616030C8F00324303 /* CXMLNode_CreationExtensions.m */ = {isa = PBXFileReference; fileEncoding = 4; lastKnownFileType = sourcecode.c.objc; path = CXMLNode_CreationExtensions.m; sourceTree = "<group>"; };
		A7D5640716030C8F00324303 /* CXHTMLDocument.h */ = {isa = PBXFileReference; fileEncoding = 4; lastKnownFileType = sourcecode.c.h; path = CXHTMLDocument.h; sourceTree = "<group>"; };
		A7D5640816030C8F00324303 /* CXHTMLDocument.m */ = {isa = PBXFileReference; fileEncoding = 4; lastKnownFileType = sourcecode.c.objc; path = CXHTMLDocument.m; sourceTree = "<group>"; };
		A7D5640916030C8F00324303 /* CXMLDocument.h */ = {isa = PBXFileReference; fileEncoding = 4; lastKnownFileType = sourcecode.c.h; path = CXMLDocument.h; sourceTree = "<group>"; };
		A7D5640A16030C8F00324303 /* CXMLDocument.m */ = {isa = PBXFileReference; fileEncoding = 4; lastKnownFileType = sourcecode.c.objc; path = CXMLDocument.m; sourceTree = "<group>"; };
		A7D5640B16030C8F00324303 /* CXMLDocument_PrivateExtensions.h */ = {isa = PBXFileReference; fileEncoding = 4; lastKnownFileType = sourcecode.c.h; path = CXMLDocument_PrivateExtensions.h; sourceTree = "<group>"; };
		A7D5640C16030C8F00324303 /* CXMLDocument_PrivateExtensions.m */ = {isa = PBXFileReference; fileEncoding = 4; lastKnownFileType = sourcecode.c.objc; path = CXMLDocument_PrivateExtensions.m; sourceTree = "<group>"; };
		A7D5640D16030C8F00324303 /* CXMLElement.h */ = {isa = PBXFileReference; fileEncoding = 4; lastKnownFileType = sourcecode.c.h; path = CXMLElement.h; sourceTree = "<group>"; };
		A7D5640E16030C8F00324303 /* CXMLElement.m */ = {isa = PBXFileReference; fileEncoding = 4; lastKnownFileType = sourcecode.c.objc; path = CXMLElement.m; sourceTree = "<group>"; };
		A7D5640F16030C8F00324303 /* CXMLElement_CreationExtensions.h */ = {isa = PBXFileReference; fileEncoding = 4; lastKnownFileType = sourcecode.c.h; path = CXMLElement_CreationExtensions.h; sourceTree = "<group>"; };
		A7D5641016030C8F00324303 /* CXMLElement_CreationExtensions.m */ = {isa = PBXFileReference; fileEncoding = 4; lastKnownFileType = sourcecode.c.objc; path = CXMLElement_CreationExtensions.m; sourceTree = "<group>"; };
		A7D5641116030C8F00324303 /* CXMLElement_ElementTreeExtensions.h */ = {isa = PBXFileReference; fileEncoding = 4; lastKnownFileType = sourcecode.c.h; path = CXMLElement_ElementTreeExtensions.h; sourceTree = "<group>"; };
		A7D5641216030C8F00324303 /* CXMLElement_ElementTreeExtensions.m */ = {isa = PBXFileReference; fileEncoding = 4; lastKnownFileType = sourcecode.c.objc; path = CXMLElement_ElementTreeExtensions.m; sourceTree = "<group>"; };
		A7D5641316030C8F00324303 /* CXMLNamespaceNode.h */ = {isa = PBXFileReference; fileEncoding = 4; lastKnownFileType = sourcecode.c.h; path = CXMLNamespaceNode.h; sourceTree = "<group>"; };
		A7D5641416030C8F00324303 /* CXMLNamespaceNode.m */ = {isa = PBXFileReference; fileEncoding = 4; lastKnownFileType = sourcecode.c.objc; path = CXMLNamespaceNode.m; sourceTree = "<group>"; };
		A7D5641516030C8F00324303 /* CXMLNode.h */ = {isa = PBXFileReference; fileEncoding = 4; lastKnownFileType = sourcecode.c.h; path = CXMLNode.h; sourceTree = "<group>"; };
		A7D5641616030C8F00324303 /* CXMLNode.m */ = {isa = PBXFileReference; fileEncoding = 4; lastKnownFileType = sourcecode.c.objc; path = CXMLNode.m; sourceTree = "<group>"; };
		A7D5641716030C8F00324303 /* CXMLNode_PrivateExtensions.h */ = {isa = PBXFileReference; fileEncoding = 4; lastKnownFileType = sourcecode.c.h; path = CXMLNode_PrivateExtensions.h; sourceTree = "<group>"; };
		A7D5641816030C8F00324303 /* CXMLNode_PrivateExtensions.m */ = {isa = PBXFileReference; fileEncoding = 4; lastKnownFileType = sourcecode.c.objc; path = CXMLNode_PrivateExtensions.m; sourceTree = "<group>"; };
		A7D5641916030C8F00324303 /* CXMLNode_XPathExtensions.h */ = {isa = PBXFileReference; fileEncoding = 4; lastKnownFileType = sourcecode.c.h; path = CXMLNode_XPathExtensions.h; sourceTree = "<group>"; };
		A7D5641A16030C8F00324303 /* CXMLNode_XPathExtensions.m */ = {isa = PBXFileReference; fileEncoding = 4; lastKnownFileType = sourcecode.c.objc; path = CXMLNode_XPathExtensions.m; sourceTree = "<group>"; };
		A7D5641C16030C8F00324303 /* CTidy.h */ = {isa = PBXFileReference; fileEncoding = 4; lastKnownFileType = sourcecode.c.h; path = CTidy.h; sourceTree = "<group>"; };
		A7D5641D16030C8F00324303 /* CTidy.m */ = {isa = PBXFileReference; fileEncoding = 4; lastKnownFileType = sourcecode.c.objc; path = CTidy.m; sourceTree = "<group>"; };
		A7D5641E16030C8F00324303 /* TouchXML.h */ = {isa = PBXFileReference; fileEncoding = 4; lastKnownFileType = sourcecode.c.h; path = TouchXML.h; sourceTree = "<group>"; };
		A7D5642C16030D0900324303 /* libxml2.dylib */ = {isa = PBXFileReference; lastKnownFileType = "compiled.mach-o.dylib"; name = libxml2.dylib; path = usr/lib/libxml2.dylib; sourceTree = SDKROOT; };
		A7D5643A1603AFEA00324303 /* locales-en-US.xml */ = {isa = PBXFileReference; fileEncoding = 4; lastKnownFileType = text.xml; name = "locales-en-US.xml"; path = "locales/locales-en-US.xml"; sourceTree = SOURCE_ROOT; };
/* End PBXFileReference section */

/* Begin PBXFrameworksBuildPhase section */
		A736E690161ABAA8004E71AF /* Frameworks */ = {
			isa = PBXFrameworksBuildPhase;
			buildActionMask = 2147483647;
			files = (
				A736E694161ABAA8004E71AF /* Foundation.framework in Frameworks */,
			);
			runOnlyForDeploymentPostprocessing = 0;
		};
		A7D563CA160304DC00324303 /* Frameworks */ = {
			isa = PBXFrameworksBuildPhase;
			buildActionMask = 2147483647;
			files = (
				A7D5642D16030D0900324303 /* libxml2.dylib in Frameworks */,
				A7D563CF160304DC00324303 /* Cocoa.framework in Frameworks */,
			);
			runOnlyForDeploymentPostprocessing = 0;
		};
/* End PBXFrameworksBuildPhase section */

/* Begin PBXGroup section */
		A736E685161AB930004E71AF /* CSLFormatter */ = {
			isa = PBXGroup;
			children = (
				A736E688161AB930004E71AF /* CSLFormatter.h */,
				A736E68A161AB930004E71AF /* CSLFormatter.m */,
				A736E686161AB930004E71AF /* Supporting Files */,
			);
			path = CSLFormatter;
			sourceTree = "<group>";
		};
		A736E686161AB930004E71AF /* Supporting Files */ = {
			isa = PBXGroup;
			children = (
				A736E687161AB930004E71AF /* CSLFormatter-Prefix.pch */,
			);
			name = "Supporting Files";
			sourceTree = "<group>";
		};
		A736E695161ABAA8004E71AF /* CSLProcessor */ = {
			isa = PBXGroup;
			children = (
				A736E698161ABAA8004E71AF /* CSLProcessor.h */,
				A736E69A161ABAA8004E71AF /* CSLProcessor.m */,
				A736E696161ABAA8004E71AF /* Supporting Files */,
			);
			path = CSLProcessor;
			sourceTree = "<group>";
		};
		A736E696161ABAA8004E71AF /* Supporting Files */ = {
			isa = PBXGroup;
			children = (
				A736E697161ABAA8004E71AF /* CSLProcessor-Prefix.pch */,
			);
			name = "Supporting Files";
			sourceTree = "<group>";
		};
		A7D5633B1602F88800324303 = {
			isa = PBXGroup;
			children = (
				A7D563D4160304DC00324303 /* CSLParser */,
				A736E685161AB930004E71AF /* CSLFormatter */,
				A736E695161ABAA8004E71AF /* CSLProcessor */,
				A7D563491602F88800324303 /* Frameworks */,
				A7D563471602F88800324303 /* Products */,
			);
			sourceTree = "<group>";
		};
		A7D563471602F88800324303 /* Products */ = {
			isa = PBXGroup;
			children = (
				A7D563CD160304DC00324303 /* CSLProcessorTest.app */,
				A736E693161ABAA8004E71AF /* libCSLProcessor.a */,
			);
			name = Products;
			sourceTree = "<group>";
		};
		A7D563491602F88800324303 /* Frameworks */ = {
			isa = PBXGroup;
			children = (
				A714DEA716130E420068DF9A /* GTMNSString+HTML.h */,
				A714DEA816130E420068DF9A /* GTMNSString+HTML.m */,
				A714DEA316130DB30068DF9A /* NSString+HTML.h */,
				A714DEA416130DB30068DF9A /* NSString+HTML.m */,
				A7D5642C16030D0900324303 /* libxml2.dylib */,
				A7D5640116030C8F00324303 /* TouchXML */,
				A7D5637F1602FD7E00324303 /* SBJson */,
				A7D5634A1602F88800324303 /* Foundation.framework */,
				A7D563AE1603046700324303 /* Cocoa.framework */,
				A7D563D0160304DC00324303 /* Other Frameworks */,
			);
			name = Frameworks;
			sourceTree = "<group>";
		};
		A7D5637F1602FD7E00324303 /* SBJson */ = {
			isa = PBXGroup;
			children = (
				A7D563801602FD7E00324303 /* NSObject+SBJson.h */,
				A7D563811602FD7E00324303 /* NSObject+SBJson.m */,
				A7D563821602FD7E00324303 /* SBJson.h */,
				A7D563831602FD7E00324303 /* SBJsonParser.h */,
				A7D563841602FD7E00324303 /* SBJsonParser.m */,
				A7D563851602FD7E00324303 /* SBJsonStreamParser.h */,
				A7D563861602FD7E00324303 /* SBJsonStreamParser.m */,
				A7D563871602FD7E00324303 /* SBJsonStreamParserAccumulator.h */,
				A7D563881602FD7E00324303 /* SBJsonStreamParserAccumulator.m */,
				A7D563891602FD7E00324303 /* SBJsonStreamParserAdapter.h */,
				A7D5638A1602FD7E00324303 /* SBJsonStreamParserAdapter.m */,
				A7D5638B1602FD7E00324303 /* SBJsonStreamParserState.h */,
				A7D5638C1602FD7E00324303 /* SBJsonStreamParserState.m */,
				A7D5638D1602FD7E00324303 /* SBJsonStreamWriter.h */,
				A7D5638E1602FD7E00324303 /* SBJsonStreamWriter.m */,
				A7D5638F1602FD7E00324303 /* SBJsonStreamWriterAccumulator.h */,
				A7D563901602FD7E00324303 /* SBJsonStreamWriterAccumulator.m */,
				A7D563911602FD7E00324303 /* SBJsonStreamWriterState.h */,
				A7D563921602FD7E00324303 /* SBJsonStreamWriterState.m */,
				A7D563931602FD7E00324303 /* SBJsonTokeniser.h */,
				A7D563941602FD7E00324303 /* SBJsonTokeniser.m */,
				A7D563951602FD7E00324303 /* SBJsonUTF8Stream.h */,
				A7D563961602FD7E00324303 /* SBJsonUTF8Stream.m */,
				A7D563971602FD7E00324303 /* SBJsonWriter.h */,
				A7D563981602FD7E00324303 /* SBJsonWriter.m */,
			);
			name = SBJson;
			path = "json-framework/Classes";
			sourceTree = "<group>";
		};
		A7D563D0160304DC00324303 /* Other Frameworks */ = {
			isa = PBXGroup;
			children = (
				A7D563D1160304DC00324303 /* AppKit.framework */,
				A7D563D2160304DC00324303 /* CoreData.framework */,
				A7D563D3160304DC00324303 /* Foundation.framework */,
			);
			name = "Other Frameworks";
			sourceTree = "<group>";
		};
		A7D563D4160304DC00324303 /* CSLParser */ = {
			isa = PBXGroup;
			children = (
				A7D563EF1603060400324303 /* CSLFormatter.h */,
				A7D563F01603060400324303 /* CSLFormatter.m */,
				A7D563D5160304DC00324303 /* Supporting Files */,
			);
			path = CSLParser;
			sourceTree = "<group>";
		};
		A7D563D5160304DC00324303 /* Supporting Files */ = {
			isa = PBXGroup;
			children = (
				A7D2CCAF1605A4E8003AA307 /* typeMap.xml */,
				A7D5643A1603AFEA00324303 /* locales-en-US.xml */,
				A7D563ED160305DD00324303 /* apa.csl */,
				A7D563E91603059900324303 /* citations.txt */,
				A7D563EA1603059900324303 /* json.txt */,
				A7D563D6160304DC00324303 /* CSLProcessor-Info.plist */,
				A7D563D7160304DC00324303 /* InfoPlist.strings */,
				A7D563DA160304DC00324303 /* main.m */,
				A7D563DC160304DC00324303 /* CSLProcessor-Prefix.pch */,
				A7D563DD160304DC00324303 /* Credits.rtf */,
			);
			name = "Supporting Files";
			sourceTree = "<group>";
		};
		A7D5640116030C8F00324303 /* TouchXML */ = {
			isa = PBXGroup;
			children = (
				A7D5640216030C8F00324303 /* Creation */,
				A7D5640716030C8F00324303 /* CXHTMLDocument.h */,
				A7D5640816030C8F00324303 /* CXHTMLDocument.m */,
				A7D5640916030C8F00324303 /* CXMLDocument.h */,
				A7D5640A16030C8F00324303 /* CXMLDocument.m */,
				A7D5640B16030C8F00324303 /* CXMLDocument_PrivateExtensions.h */,
				A7D5640C16030C8F00324303 /* CXMLDocument_PrivateExtensions.m */,
				A7D5640D16030C8F00324303 /* CXMLElement.h */,
				A7D5640E16030C8F00324303 /* CXMLElement.m */,
				A7D5640F16030C8F00324303 /* CXMLElement_CreationExtensions.h */,
				A7D5641016030C8F00324303 /* CXMLElement_CreationExtensions.m */,
				A7D5641116030C8F00324303 /* CXMLElement_ElementTreeExtensions.h */,
				A7D5641216030C8F00324303 /* CXMLElement_ElementTreeExtensions.m */,
				A7D5641316030C8F00324303 /* CXMLNamespaceNode.h */,
				A7D5641416030C8F00324303 /* CXMLNamespaceNode.m */,
				A7D5641516030C8F00324303 /* CXMLNode.h */,
				A7D5641616030C8F00324303 /* CXMLNode.m */,
				A7D5641716030C8F00324303 /* CXMLNode_PrivateExtensions.h */,
				A7D5641816030C8F00324303 /* CXMLNode_PrivateExtensions.m */,
				A7D5641916030C8F00324303 /* CXMLNode_XPathExtensions.h */,
				A7D5641A16030C8F00324303 /* CXMLNode_XPathExtensions.m */,
				A7D5641B16030C8F00324303 /* Tidy */,
				A7D5641E16030C8F00324303 /* TouchXML.h */,
			);
			name = TouchXML;
			path = TouchXML/Source;
			sourceTree = "<group>";
		};
		A7D5640216030C8F00324303 /* Creation */ = {
			isa = PBXGroup;
			children = (
				A7D5640316030C8F00324303 /* CXMLDocument_CreationExtensions.h */,
				A7D5640416030C8F00324303 /* CXMLDocument_CreationExtensions.m */,
				A7D5640516030C8F00324303 /* CXMLNode_CreationExtensions.h */,
				A7D5640616030C8F00324303 /* CXMLNode_CreationExtensions.m */,
			);
			path = Creation;
			sourceTree = "<group>";
		};
		A7D5641B16030C8F00324303 /* Tidy */ = {
			isa = PBXGroup;
			children = (
				A7D5641C16030C8F00324303 /* CTidy.h */,
				A7D5641D16030C8F00324303 /* CTidy.m */,
			);
			path = Tidy;
			sourceTree = "<group>";
		};
/* End PBXGroup section */

/* Begin PBXNativeTarget section */
		A736E692161ABAA8004E71AF /* CSLProcessor */ = {
			isa = PBXNativeTarget;
			buildConfigurationList = A736E69C161ABAA8004E71AF /* Build configuration list for PBXNativeTarget "CSLProcessor" */;
			buildPhases = (
				A736E68F161ABAA8004E71AF /* Sources */,
				A736E690161ABAA8004E71AF /* Frameworks */,
				A736E691161ABAA8004E71AF /* CopyFiles */,
			);
			buildRules = (
			);
			dependencies = (
			);
			name = CSLProcessor;
			productName = CSLProcessor;
			productReference = A736E693161ABAA8004E71AF /* libCSLProcessor.a */;
			productType = "com.apple.product-type.library.static";
		};
		A7D563CC160304DC00324303 /* CSLProcessorTest */ = {
			isa = PBXNativeTarget;
			buildConfigurationList = A7D563E6160304DC00324303 /* Build configuration list for PBXNativeTarget "CSLProcessorTest" */;
			buildPhases = (
				A7D563C9160304DC00324303 /* Sources */,
				A7D563CA160304DC00324303 /* Frameworks */,
				A7D563CB160304DC00324303 /* Resources */,
			);
			buildRules = (
			);
			dependencies = (
			);
			name = CSLProcessorTest;
			productName = CSLParser;
			productReference = A7D563CD160304DC00324303 /* CSLProcessorTest.app */;
			productType = "com.apple.product-type.application";
		};
/* End PBXNativeTarget section */

/* Begin PBXProject section */
		A7D5633D1602F88800324303 /* Project object */ = {
			isa = PBXProject;
			attributes = {
				LastUpgradeCheck = 0440;
				ORGANIZATIONNAME = "Rönkkö Mikko";
			};
			buildConfigurationList = A7D563401602F88800324303 /* Build configuration list for PBXProject "CSLProcessor" */;
			compatibilityVersion = "Xcode 3.2";
			developmentRegion = English;
			hasScannedForEncodings = 0;
			knownRegions = (
				en,
			);
			mainGroup = A7D5633B1602F88800324303;
			productRefGroup = A7D563471602F88800324303 /* Products */;
			projectDirPath = "";
			projectRoot = "";
			targets = (
				A7D563CC160304DC00324303 /* CSLProcessorTest */,
				A736E692161ABAA8004E71AF /* CSLProcessor */,
			);
		};
/* End PBXProject section */

/* Begin PBXResourcesBuildPhase section */
		A7D563CB160304DC00324303 /* Resources */ = {
			isa = PBXResourcesBuildPhase;
			buildActionMask = 2147483647;
			files = (
				A7D563D9160304DC00324303 /* InfoPlist.strings in Resources */,
				A7D563DF160304DC00324303 /* Credits.rtf in Resources */,
				A7D563EB1603059900324303 /* citations.txt in Resources */,
				A7D563EC1603059900324303 /* json.txt in Resources */,
				A7D563EE160305DD00324303 /* apa.csl in Resources */,
				A7D5643B1603AFEA00324303 /* locales-en-US.xml in Resources */,
				A7D2CCB01605A4E8003AA307 /* typeMap.xml in Resources */,
			);
			runOnlyForDeploymentPostprocessing = 0;
		};
/* End PBXResourcesBuildPhase section */

/* Begin PBXSourcesBuildPhase section */
		A736E68F161ABAA8004E71AF /* Sources */ = {
			isa = PBXSourcesBuildPhase;
			buildActionMask = 2147483647;
			files = (
				A736E69B161ABAA8004E71AF /* CSLProcessor.m in Sources */,
			);
			runOnlyForDeploymentPostprocessing = 0;
		};
		A7D563C9160304DC00324303 /* Sources */ = {
			isa = PBXSourcesBuildPhase;
			buildActionMask = 2147483647;
			files = (
				A7D563DB160304DC00324303 /* main.m in Sources */,
				A7D563F11603060400324303 /* CSLFormatter.m in Sources */,
				A7D5641F16030C8F00324303 /* CXMLDocument_CreationExtensions.m in Sources */,
				A7D5642016030C8F00324303 /* CXMLNode_CreationExtensions.m in Sources */,
				A7D5642116030C8F00324303 /* CXHTMLDocument.m in Sources */,
				A7D5642216030C8F00324303 /* CXMLDocument.m in Sources */,
				A7D5642316030C8F00324303 /* CXMLDocument_PrivateExtensions.m in Sources */,
				A7D5642416030C8F00324303 /* CXMLElement.m in Sources */,
				A7D5642516030C8F00324303 /* CXMLElement_CreationExtensions.m in Sources */,
				A7D5642616030C8F00324303 /* CXMLElement_ElementTreeExtensions.m in Sources */,
				A7D5642716030C8F00324303 /* CXMLNamespaceNode.m in Sources */,
				A7D5642816030C8F00324303 /* CXMLNode.m in Sources */,
				A7D5642916030C8F00324303 /* CXMLNode_PrivateExtensions.m in Sources */,
				A7D5642A16030C8F00324303 /* CXMLNode_XPathExtensions.m in Sources */,
				A7D5642B16030C8F00324303 /* CTidy.m in Sources */,
				A7D5642E16034CE200324303 /* NSObject+SBJson.m in Sources */,
				A7D5642F16034CE200324303 /* SBJsonParser.m in Sources */,
				A7D5643016034CE200324303 /* SBJsonStreamParser.m in Sources */,
				A7D5643116034CE200324303 /* SBJsonStreamParserAccumulator.m in Sources */,
				A7D5643216034CE200324303 /* SBJsonStreamParserAdapter.m in Sources */,
				A7D5643316034CE200324303 /* SBJsonStreamParserState.m in Sources */,
				A7D5643416034CE200324303 /* SBJsonStreamWriter.m in Sources */,
				A7D5643516034CE200324303 /* SBJsonStreamWriterAccumulator.m in Sources */,
				A7D5643616034CE200324303 /* SBJsonStreamWriterState.m in Sources */,
				A7D5643716034CE200324303 /* SBJsonTokeniser.m in Sources */,
				A7D5643816034CE200324303 /* SBJsonUTF8Stream.m in Sources */,
				A7D5643916034CE200324303 /* SBJsonWriter.m in Sources */,
				A714DEA516130DB30068DF9A /* NSString+HTML.m in Sources */,
				A714DEA916130E420068DF9A /* GTMNSString+HTML.m in Sources */,
			);
			runOnlyForDeploymentPostprocessing = 0;
		};
/* End PBXSourcesBuildPhase section */

/* Begin PBXVariantGroup section */
		A7D563D7160304DC00324303 /* InfoPlist.strings */ = {
			isa = PBXVariantGroup;
			children = (
				A7D563D8160304DC00324303 /* en */,
			);
			name = InfoPlist.strings;
			sourceTree = "<group>";
		};
		A7D563DD160304DC00324303 /* Credits.rtf */ = {
			isa = PBXVariantGroup;
			children = (
				A7D563DE160304DC00324303 /* en */,
			);
			name = Credits.rtf;
			sourceTree = "<group>";
		};
/* End PBXVariantGroup section */

/* Begin XCBuildConfiguration section */
		A736E69D161ABAA8004E71AF /* Debug */ = {
			isa = XCBuildConfiguration;
			buildSettings = {
				CLANG_CXX_LIBRARY = "libc++";
				CLANG_WARN_EMPTY_BODY = YES;
				DSTROOT = /tmp/CSLProcessor.dst;
				GCC_PRECOMPILE_PREFIX_HEADER = YES;
				GCC_PREFIX_HEADER = "CSLProcessor/CSLProcessor-Prefix.pch";
				IPHONEOS_DEPLOYMENT_TARGET = 6.0;
				OTHER_LDFLAGS = "-ObjC";
				PRODUCT_NAME = "$(TARGET_NAME)";
				SDKROOT = iphoneos;
				SKIP_INSTALL = YES;
			};
			name = Debug;
		};
		A736E69E161ABAA8004E71AF /* Release */ = {
			isa = XCBuildConfiguration;
			buildSettings = {
				CLANG_CXX_LIBRARY = "libc++";
				CLANG_WARN_EMPTY_BODY = YES;
				DSTROOT = /tmp/CSLProcessor.dst;
				GCC_PRECOMPILE_PREFIX_HEADER = YES;
				GCC_PREFIX_HEADER = "CSLProcessor/CSLProcessor-Prefix.pch";
				IPHONEOS_DEPLOYMENT_TARGET = 6.0;
				OTHER_LDFLAGS = "-ObjC";
				PRODUCT_NAME = "$(TARGET_NAME)";
				SDKROOT = iphoneos;
				SKIP_INSTALL = YES;
				VALIDATE_PRODUCT = YES;
			};
			name = Release;
		};
		A7D563531602F88800324303 /* Debug */ = {
			isa = XCBuildConfiguration;
			buildSettings = {
				ALWAYS_SEARCH_USER_PATHS = NO;
				ARCHS = "$(ARCHS_STANDARD_64_BIT)";
				CLANG_CXX_LANGUAGE_STANDARD = "gnu++0x";
				CLANG_ENABLE_OBJC_ARC = YES;
				CLANG_WARN__DUPLICATE_METHOD_MATCH = YES;
				COPY_PHASE_STRIP = NO;
				GCC_C_LANGUAGE_STANDARD = gnu99;
				GCC_DYNAMIC_NO_PIC = NO;
				GCC_ENABLE_OBJC_EXCEPTIONS = YES;
				GCC_OPTIMIZATION_LEVEL = 0;
				GCC_PREPROCESSOR_DEFINITIONS = (
					"DEBUG=1",
					"$(inherited)",
				);
				GCC_SYMBOLS_PRIVATE_EXTERN = NO;
				GCC_WARN_64_TO_32_BIT_CONVERSION = YES;
				GCC_WARN_ABOUT_RETURN_TYPE = YES;
				GCC_WARN_UNINITIALIZED_AUTOS = YES;
				GCC_WARN_UNUSED_VARIABLE = YES;
				HEADER_SEARCH_PATHS = "$(SDKROOT)/usr/include/libxml2";
				MACOSX_DEPLOYMENT_TARGET = 10.7;
				ONLY_ACTIVE_ARCH = YES;
				OTHER_LDFLAGS = "-lxml2";
				SDKROOT = macosx;
			};
			name = Debug;
		};
		A7D563541602F88800324303 /* Release */ = {
			isa = XCBuildConfiguration;
			buildSettings = {
				ALWAYS_SEARCH_USER_PATHS = NO;
				ARCHS = "$(ARCHS_STANDARD_64_BIT)";
				CLANG_CXX_LANGUAGE_STANDARD = "gnu++0x";
				CLANG_ENABLE_OBJC_ARC = YES;
				CLANG_WARN__DUPLICATE_METHOD_MATCH = YES;
				COPY_PHASE_STRIP = YES;
				DEBUG_INFORMATION_FORMAT = "dwarf-with-dsym";
				GCC_C_LANGUAGE_STANDARD = gnu99;
				GCC_ENABLE_OBJC_EXCEPTIONS = YES;
				GCC_WARN_64_TO_32_BIT_CONVERSION = YES;
				GCC_WARN_ABOUT_RETURN_TYPE = YES;
				GCC_WARN_UNINITIALIZED_AUTOS = YES;
				GCC_WARN_UNUSED_VARIABLE = YES;
				HEADER_SEARCH_PATHS = "$(SDKROOT)/usr/include/libxml2";
				MACOSX_DEPLOYMENT_TARGET = 10.7;
				OTHER_LDFLAGS = "-lxml2";
				SDKROOT = macosx;
			};
			name = Release;
		};
		A7D563E7160304DC00324303 /* Debug */ = {
			isa = XCBuildConfiguration;
			buildSettings = {
				COMBINE_HIDPI_IMAGES = YES;
				GCC_PRECOMPILE_PREFIX_HEADER = YES;
				GCC_PREFIX_HEADER = "CSLParser/CSLProcessor-Prefix.pch";
				INFOPLIST_FILE = "CSLParser/CSLProcessor-Info.plist";
				PRODUCT_NAME = CSLProcessorTest;
				WRAPPER_EXTENSION = app;
			};
			name = Debug;
		};
		A7D563E8160304DC00324303 /* Release */ = {
			isa = XCBuildConfiguration;
			buildSettings = {
				COMBINE_HIDPI_IMAGES = YES;
				GCC_PRECOMPILE_PREFIX_HEADER = YES;
				GCC_PREFIX_HEADER = "CSLParser/CSLProcessor-Prefix.pch";
				INFOPLIST_FILE = "CSLParser/CSLProcessor-Info.plist";
				PRODUCT_NAME = CSLProcessorTest;
				WRAPPER_EXTENSION = app;
			};
			name = Release;
		};
/* End XCBuildConfiguration section */

/* Begin XCConfigurationList section */
		A736E69C161ABAA8004E71AF /* Build configuration list for PBXNativeTarget "CSLProcessor" */ = {
			isa = XCConfigurationList;
			buildConfigurations = (
				A736E69D161ABAA8004E71AF /* Debug */,
				A736E69E161ABAA8004E71AF /* Release */,
			);
			defaultConfigurationIsVisible = 0;
		};
		A7D563401602F88800324303 /* Build configuration list for PBXProject "CSLProcessor" */ = {
			isa = XCConfigurationList;
			buildConfigurations = (
				A7D563531602F88800324303 /* Debug */,
				A7D563541602F88800324303 /* Release */,
			);
			defaultConfigurationIsVisible = 0;
			defaultConfigurationName = Release;
		};
		A7D563E6160304DC00324303 /* Build configuration list for PBXNativeTarget "CSLProcessorTest" */ = {
			isa = XCConfigurationList;
			buildConfigurations = (
				A7D563E7160304DC00324303 /* Debug */,
				A7D563E8160304DC00324303 /* Release */,
			);
			defaultConfigurationIsVisible = 0;
			defaultConfigurationName = Release;
		};
/* End XCConfigurationList section */
	};
	rootObject = A7D5633D1602F88800324303 /* Project object */;
}
