// !$*UTF8*$!
{
	archiveVersion = 1;
	classes = {
	};
	objectVersion = 46;
	objects = {

/* Begin PBXBuildFile section */
		A7D5634B1602F88800324303 /* Foundation.framework in Frameworks */ = {isa = PBXBuildFile; fileRef = A7D5634A1602F88800324303 /* Foundation.framework */; };
		A7D5634E1602F88800324303 /* main.m in Sources */ = {isa = PBXBuildFile; fileRef = A7D5634D1602F88800324303 /* main.m */; };
		A7D563521602F88800324303 /* CSLParser.1 in CopyFiles */ = {isa = PBXBuildFile; fileRef = A7D563511602F88800324303 /* CSLParser.1 */; };
/* End PBXBuildFile section */

/* Begin PBXCopyFilesBuildPhase section */
		A7D563441602F88800324303 /* CopyFiles */ = {
			isa = PBXCopyFilesBuildPhase;
			buildActionMask = 2147483647;
			dstPath = /usr/share/man/man1/;
			dstSubfolderSpec = 0;
			files = (
				A7D563521602F88800324303 /* CSLParser.1 in CopyFiles */,
			);
			runOnlyForDeploymentPostprocessing = 1;
		};
/* End PBXCopyFilesBuildPhase section */

/* Begin PBXFileReference section */
		A7D563461602F88800324303 /* CSLParser */ = {isa = PBXFileReference; explicitFileType = "compiled.mach-o.executable"; includeInIndex = 0; path = CSLParser; sourceTree = BUILT_PRODUCTS_DIR; };
		A7D5634A1602F88800324303 /* Foundation.framework */ = {isa = PBXFileReference; lastKnownFileType = wrapper.framework; name = Foundation.framework; path = System/Library/Frameworks/Foundation.framework; sourceTree = SDKROOT; };
		A7D5634D1602F88800324303 /* main.m */ = {isa = PBXFileReference; lastKnownFileType = sourcecode.c.objc; path = main.m; sourceTree = "<group>"; };
		A7D563501602F88800324303 /* CSLParser-Prefix.pch */ = {isa = PBXFileReference; lastKnownFileType = sourcecode.c.h; path = "CSLParser-Prefix.pch"; sourceTree = "<group>"; };
		A7D563511602F88800324303 /* CSLParser.1 */ = {isa = PBXFileReference; lastKnownFileType = text.man; path = CSLParser.1; sourceTree = "<group>"; };
/* End PBXFileReference section */

/* Begin PBXFrameworksBuildPhase section */
		A7D563431602F88800324303 /* Frameworks */ = {
			isa = PBXFrameworksBuildPhase;
			buildActionMask = 2147483647;
			files = (
				A7D5634B1602F88800324303 /* Foundation.framework in Frameworks */,
			);
			runOnlyForDeploymentPostprocessing = 0;
		};
/* End PBXFrameworksBuildPhase section */

/* Begin PBXGroup section */
		A7D5633B1602F88800324303 = {
			isa = PBXGroup;
			children = (
				A7D5634C1602F88800324303 /* CSLParser */,
				A7D563491602F88800324303 /* Frameworks */,
				A7D563471602F88800324303 /* Products */,
			);
			sourceTree = "<group>";
		};
		A7D563471602F88800324303 /* Products */ = {
			isa = PBXGroup;
			children = (
				A7D563461602F88800324303 /* CSLParser */,
			);
			name = Products;
			sourceTree = "<group>";
		};
		A7D563491602F88800324303 /* Frameworks */ = {
			isa = PBXGroup;
			children = (
				A7D5634A1602F88800324303 /* Foundation.framework */,
			);
			name = Frameworks;
			sourceTree = "<group>";
		};
		A7D5634C1602F88800324303 /* CSLParser */ = {
			isa = PBXGroup;
			children = (
				A7D5634D1602F88800324303 /* main.m */,
				A7D563511602F88800324303 /* CSLParser.1 */,
				A7D5634F1602F88800324303 /* Supporting Files */,
			);
			path = CSLParser;
			sourceTree = "<group>";
		};
		A7D5634F1602F88800324303 /* Supporting Files */ = {
			isa = PBXGroup;
			children = (
				A7D563501602F88800324303 /* CSLParser-Prefix.pch */,
			);
			name = "Supporting Files";
			sourceTree = "<group>";
		};
/* End PBXGroup section */

/* Begin PBXNativeTarget section */
		A7D563451602F88800324303 /* CSLParser */ = {
			isa = PBXNativeTarget;
			buildConfigurationList = A7D563551602F88800324303 /* Build configuration list for PBXNativeTarget "CSLParser" */;
			buildPhases = (
				A7D563421602F88800324303 /* Sources */,
				A7D563431602F88800324303 /* Frameworks */,
				A7D563441602F88800324303 /* CopyFiles */,
			);
			buildRules = (
			);
			dependencies = (
			);
			name = CSLParser;
			productName = CSLParser;
			productReference = A7D563461602F88800324303 /* CSLParser */;
			productType = "com.apple.product-type.tool";
		};
/* End PBXNativeTarget section */

/* Begin PBXProject section */
		A7D5633D1602F88800324303 /* Project object */ = {
			isa = PBXProject;
			attributes = {
				LastUpgradeCheck = 0440;
				ORGANIZATIONNAME = "Rönkkö Mikko";
			};
			buildConfigurationList = A7D563401602F88800324303 /* Build configuration list for PBXProject "CSLParser" */;
			compatibilityVersion = "Xcode 3.2";
			developmentRegion = English;
			hasScannedForEncodings = 0;
			knownRegions = (
				en,
			);
			mainGroup = A7D5633B1602F88800324303;
			productRefGroup = A7D563471602F88800324303 /* Products */;
			projectDirPath = "";
			projectRoot = "";
			targets = (
				A7D563451602F88800324303 /* CSLParser */,
			);
		};
/* End PBXProject section */

/* Begin PBXSourcesBuildPhase section */
		A7D563421602F88800324303 /* Sources */ = {
			isa = PBXSourcesBuildPhase;
			buildActionMask = 2147483647;
			files = (
				A7D5634E1602F88800324303 /* main.m in Sources */,
			);
			runOnlyForDeploymentPostprocessing = 0;
		};
/* End PBXSourcesBuildPhase section */

/* Begin XCBuildConfiguration section */
		A7D563531602F88800324303 /* Debug */ = {
			isa = XCBuildConfiguration;
			buildSettings = {
				ALWAYS_SEARCH_USER_PATHS = NO;
				ARCHS = "$(ARCHS_STANDARD_64_BIT)";
				CLANG_CXX_LANGUAGE_STANDARD = "gnu++0x";
				CLANG_ENABLE_OBJC_ARC = YES;
				CLANG_WARN__DUPLICATE_METHOD_MATCH = YES;
				COPY_PHASE_STRIP = NO;
				GCC_C_LANGUAGE_STANDARD = gnu99;
				GCC_DYNAMIC_NO_PIC = NO;
				GCC_ENABLE_OBJC_EXCEPTIONS = YES;
				GCC_OPTIMIZATION_LEVEL = 0;
				GCC_PREPROCESSOR_DEFINITIONS = (
					"DEBUG=1",
					"$(inherited)",
				);
				GCC_SYMBOLS_PRIVATE_EXTERN = NO;
				GCC_WARN_64_TO_32_BIT_CONVERSION = YES;
				GCC_WARN_ABOUT_RETURN_TYPE = YES;
				GCC_WARN_UNINITIALIZED_AUTOS = YES;
				GCC_WARN_UNUSED_VARIABLE = YES;
				MACOSX_DEPLOYMENT_TARGET = 10.7;
				ONLY_ACTIVE_ARCH = YES;
				SDKROOT = macosx;
			};
			name = Debug;
		};
		A7D563541602F88800324303 /* Release */ = {
			isa = XCBuildConfiguration;
			buildSettings = {
				ALWAYS_SEARCH_USER_PATHS = NO;
				ARCHS = "$(ARCHS_STANDARD_64_BIT)";
				CLANG_CXX_LANGUAGE_STANDARD = "gnu++0x";
				CLANG_ENABLE_OBJC_ARC = YES;
				CLANG_WARN__DUPLICATE_METHOD_MATCH = YES;
				COPY_PHASE_STRIP = YES;
				DEBUG_INFORMATION_FORMAT = "dwarf-with-dsym";
				GCC_C_LANGUAGE_STANDARD = gnu99;
				GCC_ENABLE_OBJC_EXCEPTIONS = YES;
				GCC_WARN_64_TO_32_BIT_CONVERSION = YES;
				GCC_WARN_ABOUT_RETURN_TYPE = YES;
				GCC_WARN_UNINITIALIZED_AUTOS = YES;
				GCC_WARN_UNUSED_VARIABLE = YES;
				MACOSX_DEPLOYMENT_TARGET = 10.7;
				SDKROOT = macosx;
			};
			name = Release;
		};
		A7D563561602F88800324303 /* Debug */ = {
			isa = XCBuildConfiguration;
			buildSettings = {
				GCC_PRECOMPILE_PREFIX_HEADER = YES;
				GCC_PREFIX_HEADER = "CSLParser/CSLParser-Prefix.pch";
				PRODUCT_NAME = "$(TARGET_NAME)";
			};
			name = Debug;
		};
		A7D563571602F88800324303 /* Release */ = {
			isa = XCBuildConfiguration;
			buildSettings = {
				GCC_PRECOMPILE_PREFIX_HEADER = YES;
				GCC_PREFIX_HEADER = "CSLParser/CSLParser-Prefix.pch";
				PRODUCT_NAME = "$(TARGET_NAME)";
			};
			name = Release;
		};
/* End XCBuildConfiguration section */

/* Begin XCConfigurationList section */
		A7D563401602F88800324303 /* Build configuration list for PBXProject "CSLParser" */ = {
			isa = XCConfigurationList;
			buildConfigurations = (
				A7D563531602F88800324303 /* Debug */,
				A7D563541602F88800324303 /* Release */,
			);
			defaultConfigurationIsVisible = 0;
			defaultConfigurationName = Release;
		};
		A7D563551602F88800324303 /* Build configuration list for PBXNativeTarget "CSLParser" */ = {
			isa = XCConfigurationList;
			buildConfigurations = (
				A7D563561602F88800324303 /* Debug */,
				A7D563571602F88800324303 /* Release */,
			);
			defaultConfigurationIsVisible = 0;
		};
/* End XCConfigurationList section */
	};
	rootObject = A7D5633D1602F88800324303 /* Project object */;
}
